// !$*UTF8*$!
{
	archiveVersion = 1;
	classes = {
	};
	objectVersion = 46;
	objects = {

/* Begin PBXBuildFile section */
		4C4FF1B81BE119E60015827B /* DDXMLElementAdditions.h in Headers */ = {isa = PBXBuildFile; fileRef = 4C4FF1AA1BE119E60015827B /* DDXMLElementAdditions.h */; };
		4C4FF1B91BE119E60015827B /* DDXMLElementAdditions.m in Sources */ = {isa = PBXBuildFile; fileRef = 4C4FF1AB1BE119E60015827B /* DDXMLElementAdditions.m */; };
		4C4FF1BA1BE119E60015827B /* NSString+DDXML.h in Headers */ = {isa = PBXBuildFile; fileRef = 4C4FF1AD1BE119E60015827B /* NSString+DDXML.h */; };
		4C4FF1BB1BE119E60015827B /* NSString+DDXML.m in Sources */ = {isa = PBXBuildFile; fileRef = 4C4FF1AE1BE119E60015827B /* NSString+DDXML.m */; };
		4C4FF1BC1BE119E60015827B /* DDXML.h in Headers */ = {isa = PBXBuildFile; fileRef = 4C4FF1AF1BE119E60015827B /* DDXML.h */; };
		4C4FF1BD1BE119E60015827B /* DDXMLDocument.h in Headers */ = {isa = PBXBuildFile; fileRef = 4C4FF1B01BE119E60015827B /* DDXMLDocument.h */; };
		4C4FF1BE1BE119E60015827B /* DDXMLDocument.m in Sources */ = {isa = PBXBuildFile; fileRef = 4C4FF1B11BE119E60015827B /* DDXMLDocument.m */; };
		4C4FF1BF1BE119E60015827B /* DDXMLElement.h in Headers */ = {isa = PBXBuildFile; fileRef = 4C4FF1B21BE119E60015827B /* DDXMLElement.h */; };
		4C4FF1C01BE119E60015827B /* DDXMLElement.m in Sources */ = {isa = PBXBuildFile; fileRef = 4C4FF1B31BE119E60015827B /* DDXMLElement.m */; };
		4C4FF1C11BE119E60015827B /* DDXMLNode.h in Headers */ = {isa = PBXBuildFile; fileRef = 4C4FF1B41BE119E60015827B /* DDXMLNode.h */; };
		4C4FF1C21BE119E60015827B /* DDXMLNode.m in Sources */ = {isa = PBXBuildFile; fileRef = 4C4FF1B51BE119E60015827B /* DDXMLNode.m */; };
		4C4FF1C31BE119E60015827B /* DDXMLPrivate.h in Headers */ = {isa = PBXBuildFile; fileRef = 4C4FF1B71BE119E60015827B /* DDXMLPrivate.h */; };
		4C4FF1C91BE120D30015827B /* libz.tbd in Frameworks */ = {isa = PBXBuildFile; fileRef = 4C4FF1C81BE120D30015827B /* libz.tbd */; };
		4C5CF31C1BE10B650019AA81 /* KeePassKit.h in Headers */ = {isa = PBXBuildFile; fileRef = 4C5CF31B1BE10B650019AA81 /* KeePassKit.h */; settings = {ATTRIBUTES = (Public, ); }; };
		4C5CF3231BE10B650019AA81 /* KeePassKit.framework in Frameworks */ = {isa = PBXBuildFile; fileRef = 4C5CF3181BE10B650019AA81 /* KeePassKit.framework */; };
		4C5CF3C41BE10DF80019AA81 /* NSColor+KeePassKit.h in Headers */ = {isa = PBXBuildFile; fileRef = 4C5CF3A71BE10DF80019AA81 /* NSColor+KeePassKit.h */; settings = {ATTRIBUTES = (Public, ); }; };
		4C5CF3C51BE10DF80019AA81 /* NSColor+KeePassKit.m in Sources */ = {isa = PBXBuildFile; fileRef = 4C5CF3A81BE10DF80019AA81 /* NSColor+KeePassKit.m */; };
		4C5CF3C61BE10DF80019AA81 /* NSData+CommonCrypto.h in Headers */ = {isa = PBXBuildFile; fileRef = 4C5CF3A91BE10DF80019AA81 /* NSData+CommonCrypto.h */; };
		4C5CF3C71BE10DF80019AA81 /* NSData+CommonCrypto.m in Sources */ = {isa = PBXBuildFile; fileRef = 4C5CF3AA1BE10DF80019AA81 /* NSData+CommonCrypto.m */; };
		4C5CF3C81BE10DF80019AA81 /* NSData+Gzip.h in Headers */ = {isa = PBXBuildFile; fileRef = 4C5CF3AB1BE10DF80019AA81 /* NSData+Gzip.h */; };
		4C5CF3C91BE10DF80019AA81 /* NSData+Gzip.m in Sources */ = {isa = PBXBuildFile; fileRef = 4C5CF3AC1BE10DF80019AA81 /* NSData+Gzip.m */; };
		4C5CF3CA1BE10DF80019AA81 /* NSData+HashedData.h in Headers */ = {isa = PBXBuildFile; fileRef = 4C5CF3AD1BE10DF80019AA81 /* NSData+HashedData.h */; settings = {ATTRIBUTES = (Public, ); }; };
		4C5CF3CB1BE10DF80019AA81 /* NSData+HashedData.m in Sources */ = {isa = PBXBuildFile; fileRef = 4C5CF3AE1BE10DF80019AA81 /* NSData+HashedData.m */; };
		4C5CF3CC1BE10DF80019AA81 /* NSData+Keyfile.h in Headers */ = {isa = PBXBuildFile; fileRef = 4C5CF3AF1BE10DF80019AA81 /* NSData+Keyfile.h */; settings = {ATTRIBUTES = (Public, ); }; };
		4C5CF3CD1BE10DF80019AA81 /* NSData+Keyfile.m in Sources */ = {isa = PBXBuildFile; fileRef = 4C5CF3B01BE10DF80019AA81 /* NSData+Keyfile.m */; };
		4C5CF3CE1BE10DF80019AA81 /* NSData+Random.h in Headers */ = {isa = PBXBuildFile; fileRef = 4C5CF3B11BE10DF80019AA81 /* NSData+Random.h */; settings = {ATTRIBUTES = (Public, ); }; };
		4C5CF3CF1BE10DF80019AA81 /* NSData+Random.m in Sources */ = {isa = PBXBuildFile; fileRef = 4C5CF3B21BE10DF80019AA81 /* NSData+Random.m */; };
		4C5CF3D01BE10DF80019AA81 /* NSDate+Packed.h in Headers */ = {isa = PBXBuildFile; fileRef = 4C5CF3B31BE10DF80019AA81 /* NSDate+Packed.h */; };
		4C5CF3D11BE10DF80019AA81 /* NSDate+Packed.m in Sources */ = {isa = PBXBuildFile; fileRef = 4C5CF3B41BE10DF80019AA81 /* NSDate+Packed.m */; };
		4C5CF3D21BE10DF80019AA81 /* NSMutableData+Base64.h in Headers */ = {isa = PBXBuildFile; fileRef = 4C5CF3B51BE10DF80019AA81 /* NSMutableData+Base64.h */; };
		4C5CF3D31BE10DF80019AA81 /* NSMutableData+Base64.m in Sources */ = {isa = PBXBuildFile; fileRef = 4C5CF3B61BE10DF80019AA81 /* NSMutableData+Base64.m */; };
		4C5CF3D41BE10DF80019AA81 /* NSMutableData+KeePassKit.h in Headers */ = {isa = PBXBuildFile; fileRef = 4C5CF3B71BE10DF80019AA81 /* NSMutableData+KeePassKit.h */; };
		4C5CF3D51BE10DF80019AA81 /* NSMutableData+KeePassKit.m in Sources */ = {isa = PBXBuildFile; fileRef = 4C5CF3B81BE10DF80019AA81 /* NSMutableData+KeePassKit.m */; };
		4C5CF3D61BE10DF80019AA81 /* NSString+Commands.h in Headers */ = {isa = PBXBuildFile; fileRef = 4C5CF3B91BE10DF80019AA81 /* NSString+Commands.h */; settings = {ATTRIBUTES = (Public, ); }; };
		4C5CF3D71BE10DF80019AA81 /* NSString+Commands.m in Sources */ = {isa = PBXBuildFile; fileRef = 4C5CF3BA1BE10DF80019AA81 /* NSString+Commands.m */; };
		4C5CF3D81BE10DF80019AA81 /* NSString+Empty.h in Headers */ = {isa = PBXBuildFile; fileRef = 4C5CF3BB1BE10DF80019AA81 /* NSString+Empty.h */; settings = {ATTRIBUTES = (Public, ); }; };
		4C5CF3D91BE10DF80019AA81 /* NSString+Empty.m in Sources */ = {isa = PBXBuildFile; fileRef = 4C5CF3BC1BE10DF80019AA81 /* NSString+Empty.m */; };
		4C5CF3DA1BE10DF80019AA81 /* NSString+Hexdata.h in Headers */ = {isa = PBXBuildFile; fileRef = 4C5CF3BD1BE10DF80019AA81 /* NSString+Hexdata.h */; };
		4C5CF3DB1BE10DF80019AA81 /* NSString+Hexdata.m in Sources */ = {isa = PBXBuildFile; fileRef = 4C5CF3BE1BE10DF80019AA81 /* NSString+Hexdata.m */; };
		4C5CF3DC1BE10DF80019AA81 /* NSString+XMLUtilities.h in Headers */ = {isa = PBXBuildFile; fileRef = 4C5CF3BF1BE10DF80019AA81 /* NSString+XMLUtilities.h */; settings = {ATTRIBUTES = (Public, ); }; };
		4C5CF3DD1BE10DF80019AA81 /* NSString+XMLUtilities.m in Sources */ = {isa = PBXBuildFile; fileRef = 4C5CF3C01BE10DF80019AA81 /* NSString+XMLUtilities.m */; };
		4C5CF3DE1BE10DF80019AA81 /* NSUUID+KeePassKit.h in Headers */ = {isa = PBXBuildFile; fileRef = 4C5CF3C11BE10DF80019AA81 /* NSUUID+KeePassKit.h */; settings = {ATTRIBUTES = (Public, ); }; };
		4C5CF3DF1BE10DF80019AA81 /* NSUUID+KeePassKit.m in Sources */ = {isa = PBXBuildFile; fileRef = 4C5CF3C21BE10DF80019AA81 /* NSUUID+KeePassKit.m */; };
		4C5CF4041BE10E000019AA81 /* KPKAttribute.h in Headers */ = {isa = PBXBuildFile; fileRef = 4C5CF3E11BE10E000019AA81 /* KPKAttribute.h */; settings = {ATTRIBUTES = (Public, ); }; };
		4C5CF4051BE10E000019AA81 /* KPKAttribute.m in Sources */ = {isa = PBXBuildFile; fileRef = 4C5CF3E21BE10E000019AA81 /* KPKAttribute.m */; };
		4C5CF4061BE10E000019AA81 /* KPKAutotype+Private.h in Headers */ = {isa = PBXBuildFile; fileRef = 4C5CF3E31BE10E000019AA81 /* KPKAutotype+Private.h */; };
		4C5CF4071BE10E000019AA81 /* KPKAutotype.h in Headers */ = {isa = PBXBuildFile; fileRef = 4C5CF3E41BE10E000019AA81 /* KPKAutotype.h */; settings = {ATTRIBUTES = (Public, ); }; };
		4C5CF4081BE10E000019AA81 /* KPKAutotype.m in Sources */ = {isa = PBXBuildFile; fileRef = 4C5CF3E51BE10E000019AA81 /* KPKAutotype.m */; };
		4C5CF4091BE10E000019AA81 /* KPKBinary.h in Headers */ = {isa = PBXBuildFile; fileRef = 4C5CF3E61BE10E000019AA81 /* KPKBinary.h */; settings = {ATTRIBUTES = (Public, ); }; };
		4C5CF40A1BE10E000019AA81 /* KPKBinary.m in Sources */ = {isa = PBXBuildFile; fileRef = 4C5CF3E71BE10E000019AA81 /* KPKBinary.m */; };
		4C5CF40B1BE10E000019AA81 /* KPKCompositeKey.h in Headers */ = {isa = PBXBuildFile; fileRef = 4C5CF3E81BE10E000019AA81 /* KPKCompositeKey.h */; settings = {ATTRIBUTES = (Public, ); }; };
		4C5CF40C1BE10E000019AA81 /* KPKCompositeKey.m in Sources */ = {isa = PBXBuildFile; fileRef = 4C5CF3E91BE10E000019AA81 /* KPKCompositeKey.m */; };
		4C5CF40D1BE10E000019AA81 /* KPKDeletedNode.h in Headers */ = {isa = PBXBuildFile; fileRef = 4C5CF3EA1BE10E000019AA81 /* KPKDeletedNode.h */; settings = {ATTRIBUTES = (Public, ); }; };
		4C5CF40E1BE10E000019AA81 /* KPKDeletedNode.m in Sources */ = {isa = PBXBuildFile; fileRef = 4C5CF3EB1BE10E000019AA81 /* KPKDeletedNode.m */; };
		4C5CF40F1BE10E000019AA81 /* KPKEntry+Private.h in Headers */ = {isa = PBXBuildFile; fileRef = 4C5CF3EC1BE10E000019AA81 /* KPKEntry+Private.h */; };
		4C5CF4101BE10E000019AA81 /* KPKEntry.h in Headers */ = {isa = PBXBuildFile; fileRef = 4C5CF3ED1BE10E000019AA81 /* KPKEntry.h */; settings = {ATTRIBUTES = (Public, ); }; };
		4C5CF4111BE10E000019AA81 /* KPKEntry.m in Sources */ = {isa = PBXBuildFile; fileRef = 4C5CF3EE1BE10E000019AA81 /* KPKEntry.m */; };
		4C5CF4121BE10E000019AA81 /* KPKErrors.h in Headers */ = {isa = PBXBuildFile; fileRef = 4C5CF3EF1BE10E000019AA81 /* KPKErrors.h */; settings = {ATTRIBUTES = (Public, ); }; };
		4C5CF4131BE10E000019AA81 /* KPKErrors.m in Sources */ = {isa = PBXBuildFile; fileRef = 4C5CF3F01BE10E000019AA81 /* KPKErrors.m */; };
		4C5CF4141BE10E000019AA81 /* KPKGroup.h in Headers */ = {isa = PBXBuildFile; fileRef = 4C5CF3F11BE10E000019AA81 /* KPKGroup.h */; settings = {ATTRIBUTES = (Public, ); }; };
		4C5CF4151BE10E000019AA81 /* KPKGroup.m in Sources */ = {isa = PBXBuildFile; fileRef = 4C5CF3F21BE10E000019AA81 /* KPKGroup.m */; };
		4C5CF4161BE10E000019AA81 /* KPKIcon.h in Headers */ = {isa = PBXBuildFile; fileRef = 4C5CF3F31BE10E000019AA81 /* KPKIcon.h */; settings = {ATTRIBUTES = (Public, ); }; };
		4C5CF4171BE10E000019AA81 /* KPKIcon.m in Sources */ = {isa = PBXBuildFile; fileRef = 4C5CF3F41BE10E000019AA81 /* KPKIcon.m */; };
		4C5CF4181BE10E000019AA81 /* KPKMetaData.h in Headers */ = {isa = PBXBuildFile; fileRef = 4C5CF3F51BE10E000019AA81 /* KPKMetaData.h */; settings = {ATTRIBUTES = (Public, ); }; };
		4C5CF4191BE10E000019AA81 /* KPKMetaData.m in Sources */ = {isa = PBXBuildFile; fileRef = 4C5CF3F61BE10E000019AA81 /* KPKMetaData.m */; };
		4C5CF41A1BE10E000019AA81 /* KPKNode+Private.h in Headers */ = {isa = PBXBuildFile; fileRef = 4C5CF3F71BE10E000019AA81 /* KPKNode+Private.h */; };
		4C5CF41B1BE10E000019AA81 /* KPKNode.h in Headers */ = {isa = PBXBuildFile; fileRef = 4C5CF3F81BE10E000019AA81 /* KPKNode.h */; settings = {ATTRIBUTES = (Public, ); }; };
		4C5CF41C1BE10E000019AA81 /* KPKNode.m in Sources */ = {isa = PBXBuildFile; fileRef = 4C5CF3F91BE10E000019AA81 /* KPKNode.m */; };
		4C5CF41D1BE10E000019AA81 /* KPKTag.h in Headers */ = {isa = PBXBuildFile; fileRef = 4C5CF3FA1BE10E000019AA81 /* KPKTag.h */; };
		4C5CF41E1BE10E000019AA81 /* KPKTag.m in Sources */ = {isa = PBXBuildFile; fileRef = 4C5CF3FB1BE10E000019AA81 /* KPKTag.m */; };
		4C5CF41F1BE10E000019AA81 /* KPKTimeInfo.h in Headers */ = {isa = PBXBuildFile; fileRef = 4C5CF3FC1BE10E000019AA81 /* KPKTimeInfo.h */; settings = {ATTRIBUTES = (Public, ); }; };
		4C5CF4201BE10E000019AA81 /* KPKTimeInfo.m in Sources */ = {isa = PBXBuildFile; fileRef = 4C5CF3FD1BE10E000019AA81 /* KPKTimeInfo.m */; };
		4C5CF4211BE10E000019AA81 /* KPKTree+Private.h in Headers */ = {isa = PBXBuildFile; fileRef = 4C5CF3FE1BE10E000019AA81 /* KPKTree+Private.h */; };
		4C5CF4221BE10E000019AA81 /* KPKTree.h in Headers */ = {isa = PBXBuildFile; fileRef = 4C5CF3FF1BE10E000019AA81 /* KPKTree.h */; settings = {ATTRIBUTES = (Public, ); }; };
		4C5CF4231BE10E000019AA81 /* KPKTree.m in Sources */ = {isa = PBXBuildFile; fileRef = 4C5CF4001BE10E000019AA81 /* KPKTree.m */; };
		4C5CF4241BE10E000019AA81 /* KPKWindowAssociation+Private.h in Headers */ = {isa = PBXBuildFile; fileRef = 4C5CF4011BE10E000019AA81 /* KPKWindowAssociation+Private.h */; };
		4C5CF4251BE10E000019AA81 /* KPKWindowAssociation.h in Headers */ = {isa = PBXBuildFile; fileRef = 4C5CF4021BE10E000019AA81 /* KPKWindowAssociation.h */; settings = {ATTRIBUTES = (Public, ); }; };
		4C5CF4261BE10E000019AA81 /* KPKWindowAssociation.m in Sources */ = {isa = PBXBuildFile; fileRef = 4C5CF4031BE10E000019AA81 /* KPKWindowAssociation.m */; };
		4C5CF42D1BE10E070019AA81 /* KPKFormat.h in Headers */ = {isa = PBXBuildFile; fileRef = 4C5CF4281BE10E070019AA81 /* KPKFormat.h */; settings = {ATTRIBUTES = (Public, ); }; };
		4C5CF42E1BE10E070019AA81 /* KPKFormat.m in Sources */ = {isa = PBXBuildFile; fileRef = 4C5CF4291BE10E070019AA81 /* KPKFormat.m */; };
		4C5CF42F1BE10E070019AA81 /* KPKLegacyFormat.h in Headers */ = {isa = PBXBuildFile; fileRef = 4C5CF42A1BE10E070019AA81 /* KPKLegacyFormat.h */; };
		4C5CF4301BE10E070019AA81 /* KPKVersion.h in Headers */ = {isa = PBXBuildFile; fileRef = 4C5CF42B1BE10E070019AA81 /* KPKVersion.h */; settings = {ATTRIBUTES = (Public, ); }; };
		4C5CF4311BE10E070019AA81 /* KPKXmlFormat.h in Headers */ = {isa = PBXBuildFile; fileRef = 4C5CF42C1BE10E070019AA81 /* KPKXmlFormat.h */; settings = {ATTRIBUTES = (Public, ); }; };
		4C5CF4551BE10E100019AA81 /* KPKArc4RandomStream.h in Headers */ = {isa = PBXBuildFile; fileRef = 4C5CF4341BE10E100019AA81 /* KPKArc4RandomStream.h */; };
		4C5CF4561BE10E100019AA81 /* KPKArc4RandomStream.m in Sources */ = {isa = PBXBuildFile; fileRef = 4C5CF4351BE10E100019AA81 /* KPKArc4RandomStream.m */; };
		4C5CF4571BE10E100019AA81 /* KPKDataStreamReader.h in Headers */ = {isa = PBXBuildFile; fileRef = 4C5CF4361BE10E100019AA81 /* KPKDataStreamReader.h */; };
		4C5CF4581BE10E100019AA81 /* KPKDataStreamReader.m in Sources */ = {isa = PBXBuildFile; fileRef = 4C5CF4371BE10E100019AA81 /* KPKDataStreamReader.m */; };
		4C5CF4591BE10E100019AA81 /* KPKDataStreamWriter.h in Headers */ = {isa = PBXBuildFile; fileRef = 4C5CF4381BE10E100019AA81 /* KPKDataStreamWriter.h */; };
		4C5CF45A1BE10E100019AA81 /* KPKDataStreamWriter.m in Sources */ = {isa = PBXBuildFile; fileRef = 4C5CF4391BE10E100019AA81 /* KPKDataStreamWriter.m */; };
		4C5CF45B1BE10E100019AA81 /* KPKLegacyHeaderReader.h in Headers */ = {isa = PBXBuildFile; fileRef = 4C5CF43A1BE10E100019AA81 /* KPKLegacyHeaderReader.h */; };
		4C5CF45C1BE10E100019AA81 /* KPKLegacyHeaderReader.m in Sources */ = {isa = PBXBuildFile; fileRef = 4C5CF43B1BE10E100019AA81 /* KPKLegacyHeaderReader.m */; };
		4C5CF45D1BE10E100019AA81 /* KPKLegacyHeaderWriter.h in Headers */ = {isa = PBXBuildFile; fileRef = 4C5CF43C1BE10E100019AA81 /* KPKLegacyHeaderWriter.h */; };
		4C5CF45E1BE10E100019AA81 /* KPKLegacyHeaderWriter.m in Sources */ = {isa = PBXBuildFile; fileRef = 4C5CF43D1BE10E100019AA81 /* KPKLegacyHeaderWriter.m */; };
		4C5CF45F1BE10E100019AA81 /* KPKLegacyTreeCryptor.h in Headers */ = {isa = PBXBuildFile; fileRef = 4C5CF43E1BE10E100019AA81 /* KPKLegacyTreeCryptor.h */; };
		4C5CF4601BE10E100019AA81 /* KPKLegacyTreeCryptor.m in Sources */ = {isa = PBXBuildFile; fileRef = 4C5CF43F1BE10E100019AA81 /* KPKLegacyTreeCryptor.m */; };
		4C5CF4611BE10E100019AA81 /* KPKLegacyTreeReader.h in Headers */ = {isa = PBXBuildFile; fileRef = 4C5CF4401BE10E100019AA81 /* KPKLegacyTreeReader.h */; };
		4C5CF4621BE10E100019AA81 /* KPKLegacyTreeReader.m in Sources */ = {isa = PBXBuildFile; fileRef = 4C5CF4411BE10E100019AA81 /* KPKLegacyTreeReader.m */; };
		4C5CF4631BE10E100019AA81 /* KPKLegacyTreeWriter.h in Headers */ = {isa = PBXBuildFile; fileRef = 4C5CF4421BE10E100019AA81 /* KPKLegacyTreeWriter.h */; };
		4C5CF4641BE10E100019AA81 /* KPKLegacyTreeWriter.m in Sources */ = {isa = PBXBuildFile; fileRef = 4C5CF4431BE10E100019AA81 /* KPKLegacyTreeWriter.m */; };
		4C5CF4651BE10E100019AA81 /* KPKRandomStream.h in Headers */ = {isa = PBXBuildFile; fileRef = 4C5CF4441BE10E100019AA81 /* KPKRandomStream.h */; };
		4C5CF4661BE10E100019AA81 /* KPKRandomStream.m in Sources */ = {isa = PBXBuildFile; fileRef = 4C5CF4451BE10E100019AA81 /* KPKRandomStream.m */; };
		4C5CF4671BE10E100019AA81 /* KPKSalsa20RandomStream.h in Headers */ = {isa = PBXBuildFile; fileRef = 4C5CF4461BE10E100019AA81 /* KPKSalsa20RandomStream.h */; };
		4C5CF4681BE10E100019AA81 /* KPKSalsa20RandomStream.m in Sources */ = {isa = PBXBuildFile; fileRef = 4C5CF4471BE10E100019AA81 /* KPKSalsa20RandomStream.m */; };
		4C5CF4691BE10E100019AA81 /* KPKTree+Serializing.h in Headers */ = {isa = PBXBuildFile; fileRef = 4C5CF4481BE10E100019AA81 /* KPKTree+Serializing.h */; settings = {ATTRIBUTES = (Public, ); }; };
		4C5CF46A1BE10E100019AA81 /* KPKTree+Serializing.m in Sources */ = {isa = PBXBuildFile; fileRef = 4C5CF4491BE10E100019AA81 /* KPKTree+Serializing.m */; };
		4C5CF46B1BE10E100019AA81 /* KPKXmlHeaderReader.h in Headers */ = {isa = PBXBuildFile; fileRef = 4C5CF44A1BE10E100019AA81 /* KPKXmlHeaderReader.h */; };
		4C5CF46C1BE10E100019AA81 /* KPKXmlHeaderReader.m in Sources */ = {isa = PBXBuildFile; fileRef = 4C5CF44B1BE10E100019AA81 /* KPKXmlHeaderReader.m */; };
		4C5CF46D1BE10E100019AA81 /* KPKXmlHeaderWriter.h in Headers */ = {isa = PBXBuildFile; fileRef = 4C5CF44C1BE10E100019AA81 /* KPKXmlHeaderWriter.h */; };
		4C5CF46E1BE10E100019AA81 /* KPKXmlHeaderWriter.m in Sources */ = {isa = PBXBuildFile; fileRef = 4C5CF44D1BE10E100019AA81 /* KPKXmlHeaderWriter.m */; };
		4C5CF46F1BE10E100019AA81 /* KPKXmlTreeCryptor.h in Headers */ = {isa = PBXBuildFile; fileRef = 4C5CF44E1BE10E100019AA81 /* KPKXmlTreeCryptor.h */; };
		4C5CF4701BE10E100019AA81 /* KPKXmlTreeCryptor.m in Sources */ = {isa = PBXBuildFile; fileRef = 4C5CF44F1BE10E100019AA81 /* KPKXmlTreeCryptor.m */; };
		4C5CF4711BE10E100019AA81 /* KPKXmlTreeReader.h in Headers */ = {isa = PBXBuildFile; fileRef = 4C5CF4501BE10E100019AA81 /* KPKXmlTreeReader.h */; };
		4C5CF4721BE10E100019AA81 /* KPKXmlTreeReader.m in Sources */ = {isa = PBXBuildFile; fileRef = 4C5CF4511BE10E100019AA81 /* KPKXmlTreeReader.m */; };
		4C5CF4731BE10E100019AA81 /* KPKXmlTreeWriter.h in Headers */ = {isa = PBXBuildFile; fileRef = 4C5CF4521BE10E100019AA81 /* KPKXmlTreeWriter.h */; };
		4C5CF4741BE10E100019AA81 /* KPKXmlTreeWriter.m in Sources */ = {isa = PBXBuildFile; fileRef = 4C5CF4531BE10E100019AA81 /* KPKXmlTreeWriter.m */; };
		4C5CF4761BE10E170019AA81 /* KeePassKit+Private.h in Headers */ = {isa = PBXBuildFile; fileRef = 4C5CF4751BE10E170019AA81 /* KeePassKit+Private.h */; };
		4C5CF47E1BE10E200019AA81 /* KPKHeaderReading.h in Headers */ = {isa = PBXBuildFile; fileRef = 4C5CF4781BE10E200019AA81 /* KPKHeaderReading.h */; };
		4C5CF47F1BE10E200019AA81 /* KPKHeaderWriting.h in Headers */ = {isa = PBXBuildFile; fileRef = 4C5CF4791BE10E200019AA81 /* KPKHeaderWriting.h */; };
		4C5CF4801BE10E200019AA81 /* KPKModificationRecording.h in Headers */ = {isa = PBXBuildFile; fileRef = 4C5CF47A1BE10E200019AA81 /* KPKModificationRecording.h */; settings = {ATTRIBUTES = (Public, ); }; };
		4C5CF4811BE10E200019AA81 /* KPKTreeCrypting.h in Headers */ = {isa = PBXBuildFile; fileRef = 4C5CF47B1BE10E200019AA81 /* KPKTreeCrypting.h */; };
		4C5CF4821BE10E200019AA81 /* KPKTreeReading.h in Headers */ = {isa = PBXBuildFile; fileRef = 4C5CF47C1BE10E200019AA81 /* KPKTreeReading.h */; };
		4C5CF4831BE10E200019AA81 /* KPKTreeWriting.h in Headers */ = {isa = PBXBuildFile; fileRef = 4C5CF47D1BE10E200019AA81 /* KPKTreeWriting.h */; };
		4C5CF48D1BE10E250019AA81 /* KPKIconTypes.h in Headers */ = {isa = PBXBuildFile; fileRef = 4C5CF4851BE10E250019AA81 /* KPKIconTypes.h */; settings = {ATTRIBUTES = (Public, ); }; };
		4C5CF48E1BE10E250019AA81 /* KPKLegacyHeaderUtility.h in Headers */ = {isa = PBXBuildFile; fileRef = 4C5CF4861BE10E250019AA81 /* KPKLegacyHeaderUtility.h */; };
		4C5CF48F1BE10E250019AA81 /* KPKLegacyHeaderUtility.m in Sources */ = {isa = PBXBuildFile; fileRef = 4C5CF4871BE10E250019AA81 /* KPKLegacyHeaderUtility.m */; };
		4C5CF4901BE10E250019AA81 /* KPKTypes.h in Headers */ = {isa = PBXBuildFile; fileRef = 4C5CF4881BE10E250019AA81 /* KPKTypes.h */; settings = {ATTRIBUTES = (Public, ); }; };
		4C5CF4911BE10E250019AA81 /* KPKUTIs.h in Headers */ = {isa = PBXBuildFile; fileRef = 4C5CF4891BE10E250019AA81 /* KPKUTIs.h */; settings = {ATTRIBUTES = (Public, ); }; };
		4C5CF4921BE10E250019AA81 /* KPKUTIs.m in Sources */ = {isa = PBXBuildFile; fileRef = 4C5CF48A1BE10E250019AA81 /* KPKUTIs.m */; };
		4C5CF4931BE10E250019AA81 /* KPKXmlUtilities.h in Headers */ = {isa = PBXBuildFile; fileRef = 4C5CF48B1BE10E250019AA81 /* KPKXmlUtilities.h */; };
		4C5CF4941BE10E250019AA81 /* KPKXmlUtilities.m in Sources */ = {isa = PBXBuildFile; fileRef = 4C5CF48C1BE10E250019AA81 /* KPKXmlUtilities.m */; };
		4C5CF4A91BE10F090019AA81 /* KPKHashedDataTest.m in Sources */ = {isa = PBXBuildFile; fileRef = 4C5CF4951BE10F090019AA81 /* KPKHashedDataTest.m */; };
		4C5CF4AA1BE10F090019AA81 /* KPKIconLoading.m in Sources */ = {isa = PBXBuildFile; fileRef = 4C5CF4961BE10F090019AA81 /* KPKIconLoading.m */; };
		4C5CF4AB1BE10F090019AA81 /* KPKTestAutotype.m in Sources */ = {isa = PBXBuildFile; fileRef = 4C5CF4971BE10F090019AA81 /* KPKTestAutotype.m */; };
		4C5CF4AC1BE10F090019AA81 /* KPKTestEntryLookup.m in Sources */ = {isa = PBXBuildFile; fileRef = 4C5CF4981BE10F090019AA81 /* KPKTestEntryLookup.m */; };
		4C5CF4AD1BE10F090019AA81 /* KPKTestHexColor.m in Sources */ = {isa = PBXBuildFile; fileRef = 4C5CF4991BE10F090019AA81 /* KPKTestHexColor.m */; };
		4C5CF4AE1BE10F090019AA81 /* KPKTestKeyfileParsing.m in Sources */ = {isa = PBXBuildFile; fileRef = 4C5CF49A1BE10F090019AA81 /* KPKTestKeyfileParsing.m */; };
		4C5CF4AF1BE10F090019AA81 /* KPKTestLegacyLoading.m in Sources */ = {isa = PBXBuildFile; fileRef = 4C5CF49B1BE10F090019AA81 /* KPKTestLegacyLoading.m */; };
		4C5CF4B01BE10F090019AA81 /* KPKTestLegacyWriting.m in Sources */ = {isa = PBXBuildFile; fileRef = 4C5CF49C1BE10F090019AA81 /* KPKTestLegacyWriting.m */; };
		4C5CF4B11BE10F090019AA81 /* KPKTestModificationDates.m in Sources */ = {isa = PBXBuildFile; fileRef = 4C5CF49D1BE10F090019AA81 /* KPKTestModificationDates.m */; };
		4C5CF4B21BE10F090019AA81 /* KPKTestNSCoding.m in Sources */ = {isa = PBXBuildFile; fileRef = 4C5CF49E1BE10F090019AA81 /* KPKTestNSCoding.m */; };
		4C5CF4B31BE10F090019AA81 /* KPKTestNSCopying.m in Sources */ = {isa = PBXBuildFile; fileRef = 4C5CF49F1BE10F090019AA81 /* KPKTestNSCopying.m */; };
		4C5CF4B41BE10F090019AA81 /* KPKTestPerformance.m in Sources */ = {isa = PBXBuildFile; fileRef = 4C5CF4A01BE10F090019AA81 /* KPKTestPerformance.m */; };
		4C5CF4B51BE10F090019AA81 /* KPKTestPlaceholder.m in Sources */ = {isa = PBXBuildFile; fileRef = 4C5CF4A11BE10F090019AA81 /* KPKTestPlaceholder.m */; };
		4C5CF4B61BE10F090019AA81 /* KPKTestReference.m in Sources */ = {isa = PBXBuildFile; fileRef = 4C5CF4A21BE10F090019AA81 /* KPKTestReference.m */; };
		4C5CF4B71BE10F090019AA81 /* KPKTestUndo.m in Sources */ = {isa = PBXBuildFile; fileRef = 4C5CF4A31BE10F090019AA81 /* KPKTestUndo.m */; };
		4C5CF4B81BE10F090019AA81 /* KPKTestUUIDAdditions.m in Sources */ = {isa = PBXBuildFile; fileRef = 4C5CF4A41BE10F090019AA81 /* KPKTestUUIDAdditions.m */; };
		4C5CF4B91BE10F090019AA81 /* KPKTestXmlLoading.m in Sources */ = {isa = PBXBuildFile; fileRef = 4C5CF4A51BE10F090019AA81 /* KPKTestXmlLoading.m */; };
		4C5CF4BA1BE10F090019AA81 /* KPKTestXmlParsing.m in Sources */ = {isa = PBXBuildFile; fileRef = 4C5CF4A61BE10F090019AA81 /* KPKTestXmlParsing.m */; };
		4C5CF4BB1BE10F090019AA81 /* KPKTestXmlWriting.m in Sources */ = {isa = PBXBuildFile; fileRef = 4C5CF4A71BE10F090019AA81 /* KPKTestXmlWriting.m */; };
		4C5CF4BC1BE10F090019AA81 /* KPKTextXMLUtilities.m in Sources */ = {isa = PBXBuildFile; fileRef = 4C5CF4A81BE10F090019AA81 /* KPKTextXMLUtilities.m */; };
		4C8138261BE282DC001BF195 /* Autotype_test.kdbx in Resources */ = {isa = PBXBuildFile; fileRef = 4C81381B1BE282DC001BF195 /* Autotype_test.kdbx */; };
		4C8138271BE282DC001BF195 /* CustomIcon_Password_1234.kdbx in Resources */ = {isa = PBXBuildFile; fileRef = 4C81381C1BE282DC001BF195 /* CustomIcon_Password_1234.kdbx */; };
		4C8138281BE282DC001BF195 /* CustomIcon_Password_1234.xml in Resources */ = {isa = PBXBuildFile; fileRef = 4C81381D1BE282DC001BF195 /* CustomIcon_Password_1234.xml */; };
		4C8138291BE282DC001BF195 /* KDB1_KeePassX_test.kdb in Resources */ = {isa = PBXBuildFile; fileRef = 4C81381E1BE282DC001BF195 /* KDB1_KeePassX_test.kdb */; };
		4C81382A1BE282DC001BF195 /* KeePass1_native_test.kdb in Resources */ = {isa = PBXBuildFile; fileRef = 4C81381F1BE282DC001BF195 /* KeePass1_native_test.kdb */; };
		4C81382B1BE282DC001BF195 /* Test_Password_1234.kdb in Resources */ = {isa = PBXBuildFile; fileRef = 4C8138201BE282DC001BF195 /* Test_Password_1234.kdb */; };
		4C81382C1BE282DC001BF195 /* Test_Password_1234.kdbx in Resources */ = {isa = PBXBuildFile; fileRef = 4C8138211BE282DC001BF195 /* Test_Password_1234.kdbx */; };
		4C81382D1BE282DC001BF195 /* image.png in Resources */ = {isa = PBXBuildFile; fileRef = 4C8138231BE282DC001BF195 /* image.png */; };
		4C81382E1BE282DC001BF195 /* Keepass2Key.xml in Resources */ = {isa = PBXBuildFile; fileRef = 4C8138251BE282DC001BF195 /* Keepass2Key.xml */; };
/* End PBXBuildFile section */

/* Begin PBXContainerItemProxy section */
		4C5CF3241BE10B650019AA81 /* PBXContainerItemProxy */ = {
			isa = PBXContainerItemProxy;
			containerPortal = 4C5CF30F1BE10B650019AA81 /* Project object */;
			proxyType = 1;
			remoteGlobalIDString = 4C5CF3171BE10B650019AA81;
			remoteInfo = KeePassKit;
		};
/* End PBXContainerItemProxy section */

/* Begin PBXFileReference section */
		4C4FF1AA1BE119E60015827B /* DDXMLElementAdditions.h */ = {isa = PBXFileReference; fileEncoding = 4; lastKnownFileType = sourcecode.c.h; path = DDXMLElementAdditions.h; sourceTree = "<group>"; };
		4C4FF1AB1BE119E60015827B /* DDXMLElementAdditions.m */ = {isa = PBXFileReference; fileEncoding = 4; lastKnownFileType = sourcecode.c.objc; path = DDXMLElementAdditions.m; sourceTree = "<group>"; };
		4C4FF1AD1BE119E60015827B /* NSString+DDXML.h */ = {isa = PBXFileReference; fileEncoding = 4; lastKnownFileType = sourcecode.c.h; path = "NSString+DDXML.h"; sourceTree = "<group>"; };
		4C4FF1AE1BE119E60015827B /* NSString+DDXML.m */ = {isa = PBXFileReference; fileEncoding = 4; lastKnownFileType = sourcecode.c.objc; path = "NSString+DDXML.m"; sourceTree = "<group>"; };
		4C4FF1AF1BE119E60015827B /* DDXML.h */ = {isa = PBXFileReference; fileEncoding = 4; lastKnownFileType = sourcecode.c.h; path = DDXML.h; sourceTree = "<group>"; };
		4C4FF1B01BE119E60015827B /* DDXMLDocument.h */ = {isa = PBXFileReference; fileEncoding = 4; lastKnownFileType = sourcecode.c.h; path = DDXMLDocument.h; sourceTree = "<group>"; };
		4C4FF1B11BE119E60015827B /* DDXMLDocument.m */ = {isa = PBXFileReference; fileEncoding = 4; lastKnownFileType = sourcecode.c.objc; path = DDXMLDocument.m; sourceTree = "<group>"; };
		4C4FF1B21BE119E60015827B /* DDXMLElement.h */ = {isa = PBXFileReference; fileEncoding = 4; lastKnownFileType = sourcecode.c.h; path = DDXMLElement.h; sourceTree = "<group>"; };
		4C4FF1B31BE119E60015827B /* DDXMLElement.m */ = {isa = PBXFileReference; fileEncoding = 4; lastKnownFileType = sourcecode.c.objc; path = DDXMLElement.m; sourceTree = "<group>"; };
		4C4FF1B41BE119E60015827B /* DDXMLNode.h */ = {isa = PBXFileReference; fileEncoding = 4; lastKnownFileType = sourcecode.c.h; path = DDXMLNode.h; sourceTree = "<group>"; };
		4C4FF1B51BE119E60015827B /* DDXMLNode.m */ = {isa = PBXFileReference; fileEncoding = 4; lastKnownFileType = sourcecode.c.objc; path = DDXMLNode.m; sourceTree = "<group>"; };
		4C4FF1B71BE119E60015827B /* DDXMLPrivate.h */ = {isa = PBXFileReference; fileEncoding = 4; lastKnownFileType = sourcecode.c.h; path = DDXMLPrivate.h; sourceTree = "<group>"; };
		4C4FF1C81BE120D30015827B /* libz.tbd */ = {isa = PBXFileReference; lastKnownFileType = "sourcecode.text-based-dylib-definition"; name = libz.tbd; path = usr/lib/libz.tbd; sourceTree = SDKROOT; };
		4C5CF3181BE10B650019AA81 /* KeePassKit.framework */ = {isa = PBXFileReference; explicitFileType = wrapper.framework; includeInIndex = 0; path = KeePassKit.framework; sourceTree = BUILT_PRODUCTS_DIR; };
		4C5CF31B1BE10B650019AA81 /* KeePassKit.h */ = {isa = PBXFileReference; lastKnownFileType = sourcecode.c.h; path = KeePassKit.h; sourceTree = "<group>"; };
		4C5CF31D1BE10B650019AA81 /* Info.plist */ = {isa = PBXFileReference; lastKnownFileType = text.plist.xml; path = Info.plist; sourceTree = "<group>"; };
		4C5CF3221BE10B650019AA81 /* KeePassKitTests.xctest */ = {isa = PBXFileReference; explicitFileType = wrapper.cfbundle; includeInIndex = 0; path = KeePassKitTests.xctest; sourceTree = BUILT_PRODUCTS_DIR; };
		4C5CF3291BE10B650019AA81 /* Info.plist */ = {isa = PBXFileReference; lastKnownFileType = text.plist.xml; path = Info.plist; sourceTree = "<group>"; };
		4C5CF3A71BE10DF80019AA81 /* NSColor+KeePassKit.h */ = {isa = PBXFileReference; fileEncoding = 4; lastKnownFileType = sourcecode.c.h; path = "NSColor+KeePassKit.h"; sourceTree = "<group>"; };
		4C5CF3A81BE10DF80019AA81 /* NSColor+KeePassKit.m */ = {isa = PBXFileReference; fileEncoding = 4; lastKnownFileType = sourcecode.c.objc; path = "NSColor+KeePassKit.m"; sourceTree = "<group>"; };
		4C5CF3A91BE10DF80019AA81 /* NSData+CommonCrypto.h */ = {isa = PBXFileReference; fileEncoding = 4; lastKnownFileType = sourcecode.c.h; path = "NSData+CommonCrypto.h"; sourceTree = "<group>"; };
		4C5CF3AA1BE10DF80019AA81 /* NSData+CommonCrypto.m */ = {isa = PBXFileReference; fileEncoding = 4; lastKnownFileType = sourcecode.c.objc; path = "NSData+CommonCrypto.m"; sourceTree = "<group>"; };
		4C5CF3AB1BE10DF80019AA81 /* NSData+Gzip.h */ = {isa = PBXFileReference; fileEncoding = 4; lastKnownFileType = sourcecode.c.h; path = "NSData+Gzip.h"; sourceTree = "<group>"; };
		4C5CF3AC1BE10DF80019AA81 /* NSData+Gzip.m */ = {isa = PBXFileReference; fileEncoding = 4; lastKnownFileType = sourcecode.c.objc; path = "NSData+Gzip.m"; sourceTree = "<group>"; };
		4C5CF3AD1BE10DF80019AA81 /* NSData+HashedData.h */ = {isa = PBXFileReference; fileEncoding = 4; lastKnownFileType = sourcecode.c.h; path = "NSData+HashedData.h"; sourceTree = "<group>"; };
		4C5CF3AE1BE10DF80019AA81 /* NSData+HashedData.m */ = {isa = PBXFileReference; fileEncoding = 4; lastKnownFileType = sourcecode.c.objc; path = "NSData+HashedData.m"; sourceTree = "<group>"; };
		4C5CF3AF1BE10DF80019AA81 /* NSData+Keyfile.h */ = {isa = PBXFileReference; fileEncoding = 4; lastKnownFileType = sourcecode.c.h; path = "NSData+Keyfile.h"; sourceTree = "<group>"; };
		4C5CF3B01BE10DF80019AA81 /* NSData+Keyfile.m */ = {isa = PBXFileReference; fileEncoding = 4; lastKnownFileType = sourcecode.c.objc; path = "NSData+Keyfile.m"; sourceTree = "<group>"; };
		4C5CF3B11BE10DF80019AA81 /* NSData+Random.h */ = {isa = PBXFileReference; fileEncoding = 4; lastKnownFileType = sourcecode.c.h; path = "NSData+Random.h"; sourceTree = "<group>"; };
		4C5CF3B21BE10DF80019AA81 /* NSData+Random.m */ = {isa = PBXFileReference; fileEncoding = 4; lastKnownFileType = sourcecode.c.objc; path = "NSData+Random.m"; sourceTree = "<group>"; };
		4C5CF3B31BE10DF80019AA81 /* NSDate+Packed.h */ = {isa = PBXFileReference; fileEncoding = 4; lastKnownFileType = sourcecode.c.h; path = "NSDate+Packed.h"; sourceTree = "<group>"; };
		4C5CF3B41BE10DF80019AA81 /* NSDate+Packed.m */ = {isa = PBXFileReference; fileEncoding = 4; lastKnownFileType = sourcecode.c.objc; path = "NSDate+Packed.m"; sourceTree = "<group>"; };
		4C5CF3B51BE10DF80019AA81 /* NSMutableData+Base64.h */ = {isa = PBXFileReference; fileEncoding = 4; lastKnownFileType = sourcecode.c.h; path = "NSMutableData+Base64.h"; sourceTree = "<group>"; };
		4C5CF3B61BE10DF80019AA81 /* NSMutableData+Base64.m */ = {isa = PBXFileReference; fileEncoding = 4; lastKnownFileType = sourcecode.c.objc; path = "NSMutableData+Base64.m"; sourceTree = "<group>"; };
		4C5CF3B71BE10DF80019AA81 /* NSMutableData+KeePassKit.h */ = {isa = PBXFileReference; fileEncoding = 4; lastKnownFileType = sourcecode.c.h; path = "NSMutableData+KeePassKit.h"; sourceTree = "<group>"; };
		4C5CF3B81BE10DF80019AA81 /* NSMutableData+KeePassKit.m */ = {isa = PBXFileReference; fileEncoding = 4; lastKnownFileType = sourcecode.c.objc; path = "NSMutableData+KeePassKit.m"; sourceTree = "<group>"; };
		4C5CF3B91BE10DF80019AA81 /* NSString+Commands.h */ = {isa = PBXFileReference; fileEncoding = 4; lastKnownFileType = sourcecode.c.h; path = "NSString+Commands.h"; sourceTree = "<group>"; };
		4C5CF3BA1BE10DF80019AA81 /* NSString+Commands.m */ = {isa = PBXFileReference; fileEncoding = 4; lastKnownFileType = sourcecode.c.objc; path = "NSString+Commands.m"; sourceTree = "<group>"; };
		4C5CF3BB1BE10DF80019AA81 /* NSString+Empty.h */ = {isa = PBXFileReference; fileEncoding = 4; lastKnownFileType = sourcecode.c.h; path = "NSString+Empty.h"; sourceTree = "<group>"; };
		4C5CF3BC1BE10DF80019AA81 /* NSString+Empty.m */ = {isa = PBXFileReference; fileEncoding = 4; lastKnownFileType = sourcecode.c.objc; path = "NSString+Empty.m"; sourceTree = "<group>"; };
		4C5CF3BD1BE10DF80019AA81 /* NSString+Hexdata.h */ = {isa = PBXFileReference; fileEncoding = 4; lastKnownFileType = sourcecode.c.h; path = "NSString+Hexdata.h"; sourceTree = "<group>"; };
		4C5CF3BE1BE10DF80019AA81 /* NSString+Hexdata.m */ = {isa = PBXFileReference; fileEncoding = 4; lastKnownFileType = sourcecode.c.objc; path = "NSString+Hexdata.m"; sourceTree = "<group>"; };
		4C5CF3BF1BE10DF80019AA81 /* NSString+XMLUtilities.h */ = {isa = PBXFileReference; fileEncoding = 4; lastKnownFileType = sourcecode.c.h; path = "NSString+XMLUtilities.h"; sourceTree = "<group>"; };
		4C5CF3C01BE10DF80019AA81 /* NSString+XMLUtilities.m */ = {isa = PBXFileReference; fileEncoding = 4; lastKnownFileType = sourcecode.c.objc; path = "NSString+XMLUtilities.m"; sourceTree = "<group>"; };
		4C5CF3C11BE10DF80019AA81 /* NSUUID+KeePassKit.h */ = {isa = PBXFileReference; fileEncoding = 4; lastKnownFileType = sourcecode.c.h; path = "NSUUID+KeePassKit.h"; sourceTree = "<group>"; };
		4C5CF3C21BE10DF80019AA81 /* NSUUID+KeePassKit.m */ = {isa = PBXFileReference; fileEncoding = 4; lastKnownFileType = sourcecode.c.objc; path = "NSUUID+KeePassKit.m"; sourceTree = "<group>"; };
		4C5CF3E11BE10E000019AA81 /* KPKAttribute.h */ = {isa = PBXFileReference; fileEncoding = 4; lastKnownFileType = sourcecode.c.h; path = KPKAttribute.h; sourceTree = "<group>"; };
		4C5CF3E21BE10E000019AA81 /* KPKAttribute.m */ = {isa = PBXFileReference; fileEncoding = 4; lastKnownFileType = sourcecode.c.objc; path = KPKAttribute.m; sourceTree = "<group>"; };
		4C5CF3E31BE10E000019AA81 /* KPKAutotype+Private.h */ = {isa = PBXFileReference; fileEncoding = 4; lastKnownFileType = sourcecode.c.h; path = "KPKAutotype+Private.h"; sourceTree = "<group>"; };
		4C5CF3E41BE10E000019AA81 /* KPKAutotype.h */ = {isa = PBXFileReference; fileEncoding = 4; lastKnownFileType = sourcecode.c.h; path = KPKAutotype.h; sourceTree = "<group>"; };
		4C5CF3E51BE10E000019AA81 /* KPKAutotype.m */ = {isa = PBXFileReference; fileEncoding = 4; lastKnownFileType = sourcecode.c.objc; path = KPKAutotype.m; sourceTree = "<group>"; };
		4C5CF3E61BE10E000019AA81 /* KPKBinary.h */ = {isa = PBXFileReference; fileEncoding = 4; lastKnownFileType = sourcecode.c.h; path = KPKBinary.h; sourceTree = "<group>"; };
		4C5CF3E71BE10E000019AA81 /* KPKBinary.m */ = {isa = PBXFileReference; fileEncoding = 4; lastKnownFileType = sourcecode.c.objc; path = KPKBinary.m; sourceTree = "<group>"; };
		4C5CF3E81BE10E000019AA81 /* KPKCompositeKey.h */ = {isa = PBXFileReference; fileEncoding = 4; lastKnownFileType = sourcecode.c.h; path = KPKCompositeKey.h; sourceTree = "<group>"; };
		4C5CF3E91BE10E000019AA81 /* KPKCompositeKey.m */ = {isa = PBXFileReference; fileEncoding = 4; lastKnownFileType = sourcecode.c.objc; path = KPKCompositeKey.m; sourceTree = "<group>"; };
		4C5CF3EA1BE10E000019AA81 /* KPKDeletedNode.h */ = {isa = PBXFileReference; fileEncoding = 4; lastKnownFileType = sourcecode.c.h; path = KPKDeletedNode.h; sourceTree = "<group>"; };
		4C5CF3EB1BE10E000019AA81 /* KPKDeletedNode.m */ = {isa = PBXFileReference; fileEncoding = 4; lastKnownFileType = sourcecode.c.objc; path = KPKDeletedNode.m; sourceTree = "<group>"; };
		4C5CF3EC1BE10E000019AA81 /* KPKEntry+Private.h */ = {isa = PBXFileReference; fileEncoding = 4; lastKnownFileType = sourcecode.c.h; path = "KPKEntry+Private.h"; sourceTree = "<group>"; };
		4C5CF3ED1BE10E000019AA81 /* KPKEntry.h */ = {isa = PBXFileReference; fileEncoding = 4; lastKnownFileType = sourcecode.c.h; path = KPKEntry.h; sourceTree = "<group>"; };
		4C5CF3EE1BE10E000019AA81 /* KPKEntry.m */ = {isa = PBXFileReference; fileEncoding = 4; lastKnownFileType = sourcecode.c.objc; path = KPKEntry.m; sourceTree = "<group>"; };
		4C5CF3EF1BE10E000019AA81 /* KPKErrors.h */ = {isa = PBXFileReference; fileEncoding = 4; lastKnownFileType = sourcecode.c.h; path = KPKErrors.h; sourceTree = "<group>"; };
		4C5CF3F01BE10E000019AA81 /* KPKErrors.m */ = {isa = PBXFileReference; fileEncoding = 4; lastKnownFileType = sourcecode.c.objc; path = KPKErrors.m; sourceTree = "<group>"; };
		4C5CF3F11BE10E000019AA81 /* KPKGroup.h */ = {isa = PBXFileReference; fileEncoding = 4; lastKnownFileType = sourcecode.c.h; path = KPKGroup.h; sourceTree = "<group>"; };
		4C5CF3F21BE10E000019AA81 /* KPKGroup.m */ = {isa = PBXFileReference; fileEncoding = 4; lastKnownFileType = sourcecode.c.objc; path = KPKGroup.m; sourceTree = "<group>"; };
		4C5CF3F31BE10E000019AA81 /* KPKIcon.h */ = {isa = PBXFileReference; fileEncoding = 4; lastKnownFileType = sourcecode.c.h; path = KPKIcon.h; sourceTree = "<group>"; };
		4C5CF3F41BE10E000019AA81 /* KPKIcon.m */ = {isa = PBXFileReference; fileEncoding = 4; lastKnownFileType = sourcecode.c.objc; path = KPKIcon.m; sourceTree = "<group>"; };
		4C5CF3F51BE10E000019AA81 /* KPKMetaData.h */ = {isa = PBXFileReference; fileEncoding = 4; lastKnownFileType = sourcecode.c.h; path = KPKMetaData.h; sourceTree = "<group>"; };
		4C5CF3F61BE10E000019AA81 /* KPKMetaData.m */ = {isa = PBXFileReference; fileEncoding = 4; lastKnownFileType = sourcecode.c.objc; path = KPKMetaData.m; sourceTree = "<group>"; };
		4C5CF3F71BE10E000019AA81 /* KPKNode+Private.h */ = {isa = PBXFileReference; fileEncoding = 4; lastKnownFileType = sourcecode.c.h; path = "KPKNode+Private.h"; sourceTree = "<group>"; };
		4C5CF3F81BE10E000019AA81 /* KPKNode.h */ = {isa = PBXFileReference; fileEncoding = 4; lastKnownFileType = sourcecode.c.h; path = KPKNode.h; sourceTree = "<group>"; };
		4C5CF3F91BE10E000019AA81 /* KPKNode.m */ = {isa = PBXFileReference; fileEncoding = 4; lastKnownFileType = sourcecode.c.objc; path = KPKNode.m; sourceTree = "<group>"; };
		4C5CF3FA1BE10E000019AA81 /* KPKTag.h */ = {isa = PBXFileReference; fileEncoding = 4; lastKnownFileType = sourcecode.c.h; path = KPKTag.h; sourceTree = "<group>"; };
		4C5CF3FB1BE10E000019AA81 /* KPKTag.m */ = {isa = PBXFileReference; fileEncoding = 4; lastKnownFileType = sourcecode.c.objc; path = KPKTag.m; sourceTree = "<group>"; };
		4C5CF3FC1BE10E000019AA81 /* KPKTimeInfo.h */ = {isa = PBXFileReference; fileEncoding = 4; lastKnownFileType = sourcecode.c.h; path = KPKTimeInfo.h; sourceTree = "<group>"; };
		4C5CF3FD1BE10E000019AA81 /* KPKTimeInfo.m */ = {isa = PBXFileReference; fileEncoding = 4; lastKnownFileType = sourcecode.c.objc; path = KPKTimeInfo.m; sourceTree = "<group>"; };
		4C5CF3FE1BE10E000019AA81 /* KPKTree+Private.h */ = {isa = PBXFileReference; fileEncoding = 4; lastKnownFileType = sourcecode.c.h; path = "KPKTree+Private.h"; sourceTree = "<group>"; };
		4C5CF3FF1BE10E000019AA81 /* KPKTree.h */ = {isa = PBXFileReference; fileEncoding = 4; lastKnownFileType = sourcecode.c.h; path = KPKTree.h; sourceTree = "<group>"; };
		4C5CF4001BE10E000019AA81 /* KPKTree.m */ = {isa = PBXFileReference; fileEncoding = 4; lastKnownFileType = sourcecode.c.objc; path = KPKTree.m; sourceTree = "<group>"; };
		4C5CF4011BE10E000019AA81 /* KPKWindowAssociation+Private.h */ = {isa = PBXFileReference; fileEncoding = 4; lastKnownFileType = sourcecode.c.h; path = "KPKWindowAssociation+Private.h"; sourceTree = "<group>"; };
		4C5CF4021BE10E000019AA81 /* KPKWindowAssociation.h */ = {isa = PBXFileReference; fileEncoding = 4; lastKnownFileType = sourcecode.c.h; path = KPKWindowAssociation.h; sourceTree = "<group>"; };
		4C5CF4031BE10E000019AA81 /* KPKWindowAssociation.m */ = {isa = PBXFileReference; fileEncoding = 4; lastKnownFileType = sourcecode.c.objc; path = KPKWindowAssociation.m; sourceTree = "<group>"; };
		4C5CF4281BE10E070019AA81 /* KPKFormat.h */ = {isa = PBXFileReference; fileEncoding = 4; lastKnownFileType = sourcecode.c.h; path = KPKFormat.h; sourceTree = "<group>"; };
		4C5CF4291BE10E070019AA81 /* KPKFormat.m */ = {isa = PBXFileReference; fileEncoding = 4; lastKnownFileType = sourcecode.c.objc; path = KPKFormat.m; sourceTree = "<group>"; };
		4C5CF42A1BE10E070019AA81 /* KPKLegacyFormat.h */ = {isa = PBXFileReference; fileEncoding = 4; lastKnownFileType = sourcecode.c.h; path = KPKLegacyFormat.h; sourceTree = "<group>"; };
		4C5CF42B1BE10E070019AA81 /* KPKVersion.h */ = {isa = PBXFileReference; fileEncoding = 4; lastKnownFileType = sourcecode.c.h; path = KPKVersion.h; sourceTree = "<group>"; };
		4C5CF42C1BE10E070019AA81 /* KPKXmlFormat.h */ = {isa = PBXFileReference; fileEncoding = 4; lastKnownFileType = sourcecode.c.h; path = KPKXmlFormat.h; sourceTree = "<group>"; };
		4C5CF4341BE10E100019AA81 /* KPKArc4RandomStream.h */ = {isa = PBXFileReference; fileEncoding = 4; lastKnownFileType = sourcecode.c.h; path = KPKArc4RandomStream.h; sourceTree = "<group>"; };
		4C5CF4351BE10E100019AA81 /* KPKArc4RandomStream.m */ = {isa = PBXFileReference; fileEncoding = 4; lastKnownFileType = sourcecode.c.objc; path = KPKArc4RandomStream.m; sourceTree = "<group>"; };
		4C5CF4361BE10E100019AA81 /* KPKDataStreamReader.h */ = {isa = PBXFileReference; fileEncoding = 4; lastKnownFileType = sourcecode.c.h; path = KPKDataStreamReader.h; sourceTree = "<group>"; };
		4C5CF4371BE10E100019AA81 /* KPKDataStreamReader.m */ = {isa = PBXFileReference; fileEncoding = 4; lastKnownFileType = sourcecode.c.objc; path = KPKDataStreamReader.m; sourceTree = "<group>"; };
		4C5CF4381BE10E100019AA81 /* KPKDataStreamWriter.h */ = {isa = PBXFileReference; fileEncoding = 4; lastKnownFileType = sourcecode.c.h; path = KPKDataStreamWriter.h; sourceTree = "<group>"; };
		4C5CF4391BE10E100019AA81 /* KPKDataStreamWriter.m */ = {isa = PBXFileReference; fileEncoding = 4; lastKnownFileType = sourcecode.c.objc; path = KPKDataStreamWriter.m; sourceTree = "<group>"; };
		4C5CF43A1BE10E100019AA81 /* KPKLegacyHeaderReader.h */ = {isa = PBXFileReference; fileEncoding = 4; lastKnownFileType = sourcecode.c.h; path = KPKLegacyHeaderReader.h; sourceTree = "<group>"; };
		4C5CF43B1BE10E100019AA81 /* KPKLegacyHeaderReader.m */ = {isa = PBXFileReference; fileEncoding = 4; lastKnownFileType = sourcecode.c.objc; path = KPKLegacyHeaderReader.m; sourceTree = "<group>"; };
		4C5CF43C1BE10E100019AA81 /* KPKLegacyHeaderWriter.h */ = {isa = PBXFileReference; fileEncoding = 4; lastKnownFileType = sourcecode.c.h; path = KPKLegacyHeaderWriter.h; sourceTree = "<group>"; };
		4C5CF43D1BE10E100019AA81 /* KPKLegacyHeaderWriter.m */ = {isa = PBXFileReference; fileEncoding = 4; lastKnownFileType = sourcecode.c.objc; path = KPKLegacyHeaderWriter.m; sourceTree = "<group>"; };
		4C5CF43E1BE10E100019AA81 /* KPKLegacyTreeCryptor.h */ = {isa = PBXFileReference; fileEncoding = 4; lastKnownFileType = sourcecode.c.h; path = KPKLegacyTreeCryptor.h; sourceTree = "<group>"; };
		4C5CF43F1BE10E100019AA81 /* KPKLegacyTreeCryptor.m */ = {isa = PBXFileReference; fileEncoding = 4; lastKnownFileType = sourcecode.c.objc; path = KPKLegacyTreeCryptor.m; sourceTree = "<group>"; };
		4C5CF4401BE10E100019AA81 /* KPKLegacyTreeReader.h */ = {isa = PBXFileReference; fileEncoding = 4; lastKnownFileType = sourcecode.c.h; path = KPKLegacyTreeReader.h; sourceTree = "<group>"; };
		4C5CF4411BE10E100019AA81 /* KPKLegacyTreeReader.m */ = {isa = PBXFileReference; fileEncoding = 4; lastKnownFileType = sourcecode.c.objc; path = KPKLegacyTreeReader.m; sourceTree = "<group>"; };
		4C5CF4421BE10E100019AA81 /* KPKLegacyTreeWriter.h */ = {isa = PBXFileReference; fileEncoding = 4; lastKnownFileType = sourcecode.c.h; path = KPKLegacyTreeWriter.h; sourceTree = "<group>"; };
		4C5CF4431BE10E100019AA81 /* KPKLegacyTreeWriter.m */ = {isa = PBXFileReference; fileEncoding = 4; lastKnownFileType = sourcecode.c.objc; path = KPKLegacyTreeWriter.m; sourceTree = "<group>"; };
		4C5CF4441BE10E100019AA81 /* KPKRandomStream.h */ = {isa = PBXFileReference; fileEncoding = 4; lastKnownFileType = sourcecode.c.h; path = KPKRandomStream.h; sourceTree = "<group>"; };
		4C5CF4451BE10E100019AA81 /* KPKRandomStream.m */ = {isa = PBXFileReference; fileEncoding = 4; lastKnownFileType = sourcecode.c.objc; path = KPKRandomStream.m; sourceTree = "<group>"; };
		4C5CF4461BE10E100019AA81 /* KPKSalsa20RandomStream.h */ = {isa = PBXFileReference; fileEncoding = 4; lastKnownFileType = sourcecode.c.h; path = KPKSalsa20RandomStream.h; sourceTree = "<group>"; };
		4C5CF4471BE10E100019AA81 /* KPKSalsa20RandomStream.m */ = {isa = PBXFileReference; fileEncoding = 4; lastKnownFileType = sourcecode.c.objc; path = KPKSalsa20RandomStream.m; sourceTree = "<group>"; };
		4C5CF4481BE10E100019AA81 /* KPKTree+Serializing.h */ = {isa = PBXFileReference; fileEncoding = 4; lastKnownFileType = sourcecode.c.h; path = "KPKTree+Serializing.h"; sourceTree = "<group>"; };
		4C5CF4491BE10E100019AA81 /* KPKTree+Serializing.m */ = {isa = PBXFileReference; fileEncoding = 4; lastKnownFileType = sourcecode.c.objc; path = "KPKTree+Serializing.m"; sourceTree = "<group>"; };
		4C5CF44A1BE10E100019AA81 /* KPKXmlHeaderReader.h */ = {isa = PBXFileReference; fileEncoding = 4; lastKnownFileType = sourcecode.c.h; path = KPKXmlHeaderReader.h; sourceTree = "<group>"; };
		4C5CF44B1BE10E100019AA81 /* KPKXmlHeaderReader.m */ = {isa = PBXFileReference; fileEncoding = 4; lastKnownFileType = sourcecode.c.objc; path = KPKXmlHeaderReader.m; sourceTree = "<group>"; };
		4C5CF44C1BE10E100019AA81 /* KPKXmlHeaderWriter.h */ = {isa = PBXFileReference; fileEncoding = 4; lastKnownFileType = sourcecode.c.h; path = KPKXmlHeaderWriter.h; sourceTree = "<group>"; };
		4C5CF44D1BE10E100019AA81 /* KPKXmlHeaderWriter.m */ = {isa = PBXFileReference; fileEncoding = 4; lastKnownFileType = sourcecode.c.objc; path = KPKXmlHeaderWriter.m; sourceTree = "<group>"; };
		4C5CF44E1BE10E100019AA81 /* KPKXmlTreeCryptor.h */ = {isa = PBXFileReference; fileEncoding = 4; lastKnownFileType = sourcecode.c.h; path = KPKXmlTreeCryptor.h; sourceTree = "<group>"; };
		4C5CF44F1BE10E100019AA81 /* KPKXmlTreeCryptor.m */ = {isa = PBXFileReference; fileEncoding = 4; lastKnownFileType = sourcecode.c.objc; path = KPKXmlTreeCryptor.m; sourceTree = "<group>"; };
		4C5CF4501BE10E100019AA81 /* KPKXmlTreeReader.h */ = {isa = PBXFileReference; fileEncoding = 4; lastKnownFileType = sourcecode.c.h; path = KPKXmlTreeReader.h; sourceTree = "<group>"; };
		4C5CF4511BE10E100019AA81 /* KPKXmlTreeReader.m */ = {isa = PBXFileReference; fileEncoding = 4; lastKnownFileType = sourcecode.c.objc; path = KPKXmlTreeReader.m; sourceTree = "<group>"; };
		4C5CF4521BE10E100019AA81 /* KPKXmlTreeWriter.h */ = {isa = PBXFileReference; fileEncoding = 4; lastKnownFileType = sourcecode.c.h; path = KPKXmlTreeWriter.h; sourceTree = "<group>"; };
		4C5CF4531BE10E100019AA81 /* KPKXmlTreeWriter.m */ = {isa = PBXFileReference; fileEncoding = 4; lastKnownFileType = sourcecode.c.objc; path = KPKXmlTreeWriter.m; sourceTree = "<group>"; };
		4C5CF4751BE10E170019AA81 /* KeePassKit+Private.h */ = {isa = PBXFileReference; fileEncoding = 4; lastKnownFileType = sourcecode.c.h; path = "KeePassKit+Private.h"; sourceTree = "<group>"; };
		4C5CF4781BE10E200019AA81 /* KPKHeaderReading.h */ = {isa = PBXFileReference; fileEncoding = 4; lastKnownFileType = sourcecode.c.h; path = KPKHeaderReading.h; sourceTree = "<group>"; };
		4C5CF4791BE10E200019AA81 /* KPKHeaderWriting.h */ = {isa = PBXFileReference; fileEncoding = 4; lastKnownFileType = sourcecode.c.h; path = KPKHeaderWriting.h; sourceTree = "<group>"; };
		4C5CF47A1BE10E200019AA81 /* KPKModificationRecording.h */ = {isa = PBXFileReference; fileEncoding = 4; lastKnownFileType = sourcecode.c.h; path = KPKModificationRecording.h; sourceTree = "<group>"; };
		4C5CF47B1BE10E200019AA81 /* KPKTreeCrypting.h */ = {isa = PBXFileReference; fileEncoding = 4; lastKnownFileType = sourcecode.c.h; path = KPKTreeCrypting.h; sourceTree = "<group>"; };
		4C5CF47C1BE10E200019AA81 /* KPKTreeReading.h */ = {isa = PBXFileReference; fileEncoding = 4; lastKnownFileType = sourcecode.c.h; path = KPKTreeReading.h; sourceTree = "<group>"; };
		4C5CF47D1BE10E200019AA81 /* KPKTreeWriting.h */ = {isa = PBXFileReference; fileEncoding = 4; lastKnownFileType = sourcecode.c.h; path = KPKTreeWriting.h; sourceTree = "<group>"; };
		4C5CF4851BE10E250019AA81 /* KPKIconTypes.h */ = {isa = PBXFileReference; fileEncoding = 4; lastKnownFileType = sourcecode.c.h; path = KPKIconTypes.h; sourceTree = "<group>"; };
		4C5CF4861BE10E250019AA81 /* KPKLegacyHeaderUtility.h */ = {isa = PBXFileReference; fileEncoding = 4; lastKnownFileType = sourcecode.c.h; path = KPKLegacyHeaderUtility.h; sourceTree = "<group>"; };
		4C5CF4871BE10E250019AA81 /* KPKLegacyHeaderUtility.m */ = {isa = PBXFileReference; fileEncoding = 4; lastKnownFileType = sourcecode.c.objc; path = KPKLegacyHeaderUtility.m; sourceTree = "<group>"; };
		4C5CF4881BE10E250019AA81 /* KPKTypes.h */ = {isa = PBXFileReference; fileEncoding = 4; lastKnownFileType = sourcecode.c.h; path = KPKTypes.h; sourceTree = "<group>"; };
		4C5CF4891BE10E250019AA81 /* KPKUTIs.h */ = {isa = PBXFileReference; fileEncoding = 4; lastKnownFileType = sourcecode.c.h; path = KPKUTIs.h; sourceTree = "<group>"; };
		4C5CF48A1BE10E250019AA81 /* KPKUTIs.m */ = {isa = PBXFileReference; fileEncoding = 4; lastKnownFileType = sourcecode.c.objc; path = KPKUTIs.m; sourceTree = "<group>"; };
		4C5CF48B1BE10E250019AA81 /* KPKXmlUtilities.h */ = {isa = PBXFileReference; fileEncoding = 4; lastKnownFileType = sourcecode.c.h; path = KPKXmlUtilities.h; sourceTree = "<group>"; };
		4C5CF48C1BE10E250019AA81 /* KPKXmlUtilities.m */ = {isa = PBXFileReference; fileEncoding = 4; lastKnownFileType = sourcecode.c.objc; path = KPKXmlUtilities.m; sourceTree = "<group>"; };
		4C5CF4951BE10F090019AA81 /* KPKHashedDataTest.m */ = {isa = PBXFileReference; fileEncoding = 4; lastKnownFileType = sourcecode.c.objc; path = KPKHashedDataTest.m; sourceTree = "<group>"; };
		4C5CF4961BE10F090019AA81 /* KPKIconLoading.m */ = {isa = PBXFileReference; fileEncoding = 4; lastKnownFileType = sourcecode.c.objc; path = KPKIconLoading.m; sourceTree = "<group>"; };
		4C5CF4971BE10F090019AA81 /* KPKTestAutotype.m */ = {isa = PBXFileReference; fileEncoding = 4; lastKnownFileType = sourcecode.c.objc; path = KPKTestAutotype.m; sourceTree = "<group>"; };
		4C5CF4981BE10F090019AA81 /* KPKTestEntryLookup.m */ = {isa = PBXFileReference; fileEncoding = 4; lastKnownFileType = sourcecode.c.objc; path = KPKTestEntryLookup.m; sourceTree = "<group>"; };
		4C5CF4991BE10F090019AA81 /* KPKTestHexColor.m */ = {isa = PBXFileReference; fileEncoding = 4; lastKnownFileType = sourcecode.c.objc; path = KPKTestHexColor.m; sourceTree = "<group>"; };
		4C5CF49A1BE10F090019AA81 /* KPKTestKeyfileParsing.m */ = {isa = PBXFileReference; fileEncoding = 4; lastKnownFileType = sourcecode.c.objc; path = KPKTestKeyfileParsing.m; sourceTree = "<group>"; };
		4C5CF49B1BE10F090019AA81 /* KPKTestLegacyLoading.m */ = {isa = PBXFileReference; fileEncoding = 4; lastKnownFileType = sourcecode.c.objc; path = KPKTestLegacyLoading.m; sourceTree = "<group>"; };
		4C5CF49C1BE10F090019AA81 /* KPKTestLegacyWriting.m */ = {isa = PBXFileReference; fileEncoding = 4; lastKnownFileType = sourcecode.c.objc; path = KPKTestLegacyWriting.m; sourceTree = "<group>"; };
		4C5CF49D1BE10F090019AA81 /* KPKTestModificationDates.m */ = {isa = PBXFileReference; fileEncoding = 4; lastKnownFileType = sourcecode.c.objc; path = KPKTestModificationDates.m; sourceTree = "<group>"; };
		4C5CF49E1BE10F090019AA81 /* KPKTestNSCoding.m */ = {isa = PBXFileReference; fileEncoding = 4; lastKnownFileType = sourcecode.c.objc; path = KPKTestNSCoding.m; sourceTree = "<group>"; };
		4C5CF49F1BE10F090019AA81 /* KPKTestNSCopying.m */ = {isa = PBXFileReference; fileEncoding = 4; lastKnownFileType = sourcecode.c.objc; path = KPKTestNSCopying.m; sourceTree = "<group>"; };
		4C5CF4A01BE10F090019AA81 /* KPKTestPerformance.m */ = {isa = PBXFileReference; fileEncoding = 4; lastKnownFileType = sourcecode.c.objc; path = KPKTestPerformance.m; sourceTree = "<group>"; };
		4C5CF4A11BE10F090019AA81 /* KPKTestPlaceholder.m */ = {isa = PBXFileReference; fileEncoding = 4; lastKnownFileType = sourcecode.c.objc; path = KPKTestPlaceholder.m; sourceTree = "<group>"; };
		4C5CF4A21BE10F090019AA81 /* KPKTestReference.m */ = {isa = PBXFileReference; fileEncoding = 4; lastKnownFileType = sourcecode.c.objc; path = KPKTestReference.m; sourceTree = "<group>"; };
		4C5CF4A31BE10F090019AA81 /* KPKTestUndo.m */ = {isa = PBXFileReference; fileEncoding = 4; lastKnownFileType = sourcecode.c.objc; path = KPKTestUndo.m; sourceTree = "<group>"; };
		4C5CF4A41BE10F090019AA81 /* KPKTestUUIDAdditions.m */ = {isa = PBXFileReference; fileEncoding = 4; lastKnownFileType = sourcecode.c.objc; path = KPKTestUUIDAdditions.m; sourceTree = "<group>"; };
		4C5CF4A51BE10F090019AA81 /* KPKTestXmlLoading.m */ = {isa = PBXFileReference; fileEncoding = 4; lastKnownFileType = sourcecode.c.objc; path = KPKTestXmlLoading.m; sourceTree = "<group>"; };
		4C5CF4A61BE10F090019AA81 /* KPKTestXmlParsing.m */ = {isa = PBXFileReference; fileEncoding = 4; lastKnownFileType = sourcecode.c.objc; path = KPKTestXmlParsing.m; sourceTree = "<group>"; };
		4C5CF4A71BE10F090019AA81 /* KPKTestXmlWriting.m */ = {isa = PBXFileReference; fileEncoding = 4; lastKnownFileType = sourcecode.c.objc; path = KPKTestXmlWriting.m; sourceTree = "<group>"; };
		4C5CF4A81BE10F090019AA81 /* KPKTextXMLUtilities.m */ = {isa = PBXFileReference; fileEncoding = 4; lastKnownFileType = sourcecode.c.objc; path = KPKTextXMLUtilities.m; sourceTree = "<group>"; };
		4C81381B1BE282DC001BF195 /* Autotype_test.kdbx */ = {isa = PBXFileReference; lastKnownFileType = file; path = Autotype_test.kdbx; sourceTree = "<group>"; };
		4C81381C1BE282DC001BF195 /* CustomIcon_Password_1234.kdbx */ = {isa = PBXFileReference; lastKnownFileType = file; path = CustomIcon_Password_1234.kdbx; sourceTree = "<group>"; };
		4C81381D1BE282DC001BF195 /* CustomIcon_Password_1234.xml */ = {isa = PBXFileReference; fileEncoding = 4; lastKnownFileType = text.xml; path = CustomIcon_Password_1234.xml; sourceTree = "<group>"; };
		4C81381E1BE282DC001BF195 /* KDB1_KeePassX_test.kdb */ = {isa = PBXFileReference; lastKnownFileType = file; path = KDB1_KeePassX_test.kdb; sourceTree = "<group>"; };
		4C81381F1BE282DC001BF195 /* KeePass1_native_test.kdb */ = {isa = PBXFileReference; lastKnownFileType = file; path = KeePass1_native_test.kdb; sourceTree = "<group>"; };
		4C8138201BE282DC001BF195 /* Test_Password_1234.kdb */ = {isa = PBXFileReference; lastKnownFileType = file; path = Test_Password_1234.kdb; sourceTree = "<group>"; };
		4C8138211BE282DC001BF195 /* Test_Password_1234.kdbx */ = {isa = PBXFileReference; lastKnownFileType = file; path = Test_Password_1234.kdbx; sourceTree = "<group>"; };
		4C8138231BE282DC001BF195 /* image.png */ = {isa = PBXFileReference; lastKnownFileType = image.png; path = image.png; sourceTree = "<group>"; };
		4C8138251BE282DC001BF195 /* Keepass2Key.xml */ = {isa = PBXFileReference; fileEncoding = 4; lastKnownFileType = text.xml; path = Keepass2Key.xml; sourceTree = "<group>"; };
/* End PBXFileReference section */

/* Begin PBXFrameworksBuildPhase section */
		4C5CF3141BE10B650019AA81 /* Frameworks */ = {
			isa = PBXFrameworksBuildPhase;
			buildActionMask = 2147483647;
			files = (
				4C4FF1C91BE120D30015827B /* libz.tbd in Frameworks */,
			);
			runOnlyForDeploymentPostprocessing = 0;
		};
		4C5CF31F1BE10B650019AA81 /* Frameworks */ = {
			isa = PBXFrameworksBuildPhase;
			buildActionMask = 2147483647;
			files = (
				4C5CF3231BE10B650019AA81 /* KeePassKit.framework in Frameworks */,
			);
			runOnlyForDeploymentPostprocessing = 0;
		};
/* End PBXFrameworksBuildPhase section */

/* Begin PBXGroup section */
		4C4FF1A81BE119E60015827B /* KissXML */ = {
			isa = PBXGroup;
			children = (
				4C4FF1A91BE119E60015827B /* Additions */,
				4C4FF1AC1BE119E60015827B /* Categories */,
				4C4FF1AF1BE119E60015827B /* DDXML.h */,
				4C4FF1B01BE119E60015827B /* DDXMLDocument.h */,
				4C4FF1B11BE119E60015827B /* DDXMLDocument.m */,
				4C4FF1B21BE119E60015827B /* DDXMLElement.h */,
				4C4FF1B31BE119E60015827B /* DDXMLElement.m */,
				4C4FF1B41BE119E60015827B /* DDXMLNode.h */,
				4C4FF1B51BE119E60015827B /* DDXMLNode.m */,
				4C4FF1B61BE119E60015827B /* Private */,
			);
			name = KissXML;
			path = KissXML/KissXML;
			sourceTree = "<group>";
		};
		4C4FF1A91BE119E60015827B /* Additions */ = {
			isa = PBXGroup;
			children = (
				4C4FF1AA1BE119E60015827B /* DDXMLElementAdditions.h */,
				4C4FF1AB1BE119E60015827B /* DDXMLElementAdditions.m */,
			);
			path = Additions;
			sourceTree = "<group>";
		};
		4C4FF1AC1BE119E60015827B /* Categories */ = {
			isa = PBXGroup;
			children = (
				4C4FF1AD1BE119E60015827B /* NSString+DDXML.h */,
				4C4FF1AE1BE119E60015827B /* NSString+DDXML.m */,
			);
			path = Categories;
			sourceTree = "<group>";
		};
		4C4FF1B61BE119E60015827B /* Private */ = {
			isa = PBXGroup;
			children = (
				4C4FF1B71BE119E60015827B /* DDXMLPrivate.h */,
			);
			path = Private;
			sourceTree = "<group>";
		};
		4C4FF1CA1BE120E50015827B /* Frameworks */ = {
			isa = PBXGroup;
			children = (
				4C4FF1C81BE120D30015827B /* libz.tbd */,
			);
			name = Frameworks;
			sourceTree = "<group>";
		};
		4C5CF30E1BE10B650019AA81 = {
			isa = PBXGroup;
			children = (
				4C4FF1A81BE119E60015827B /* KissXML */,
				4C5CF31A1BE10B650019AA81 /* KeePassKit */,
				4C5CF3261BE10B650019AA81 /* KeePassKitTests */,
				4C4FF1CA1BE120E50015827B /* Frameworks */,
				4C5CF3191BE10B650019AA81 /* Products */,
			);
			sourceTree = "<group>";
		};
		4C5CF3191BE10B650019AA81 /* Products */ = {
			isa = PBXGroup;
			children = (
				4C5CF3181BE10B650019AA81 /* KeePassKit.framework */,
				4C5CF3221BE10B650019AA81 /* KeePassKitTests.xctest */,
			);
			name = Products;
			sourceTree = "<group>";
		};
		4C5CF31A1BE10B650019AA81 /* KeePassKit */ = {
			isa = PBXGroup;
			children = (
				4C5CF4841BE10E250019AA81 /* Utilites */,
				4C5CF4771BE10E200019AA81 /* Protocols */,
				4C5CF3A51BE10DF80019AA81 /* Categories */,
				4C5CF3E01BE10E000019AA81 /* Core */,
				4C5CF4271BE10E070019AA81 /* Format */,
				4C5CF4321BE10E100019AA81 /* IO */,
				4C5CF31B1BE10B650019AA81 /* KeePassKit.h */,
				4C5CF4751BE10E170019AA81 /* KeePassKit+Private.h */,
				4C5CF31D1BE10B650019AA81 /* Info.plist */,
			);
			path = KeePassKit;
			sourceTree = "<group>";
		};
		4C5CF3261BE10B650019AA81 /* KeePassKitTests */ = {
			isa = PBXGroup;
			children = (
				4C81381A1BE282DC001BF195 /* Databases */,
				4C8138221BE282DC001BF195 /* Images */,
				4C8138241BE282DC001BF195 /* Keyfiles */,
				4C5CF4951BE10F090019AA81 /* KPKHashedDataTest.m */,
				4C5CF4961BE10F090019AA81 /* KPKIconLoading.m */,
				4C5CF4971BE10F090019AA81 /* KPKTestAutotype.m */,
				4C5CF4981BE10F090019AA81 /* KPKTestEntryLookup.m */,
				4C5CF4991BE10F090019AA81 /* KPKTestHexColor.m */,
				4C5CF49A1BE10F090019AA81 /* KPKTestKeyfileParsing.m */,
				4C5CF49B1BE10F090019AA81 /* KPKTestLegacyLoading.m */,
				4C5CF49C1BE10F090019AA81 /* KPKTestLegacyWriting.m */,
				4C5CF49D1BE10F090019AA81 /* KPKTestModificationDates.m */,
				4C5CF49E1BE10F090019AA81 /* KPKTestNSCoding.m */,
				4C5CF49F1BE10F090019AA81 /* KPKTestNSCopying.m */,
				4C5CF4A01BE10F090019AA81 /* KPKTestPerformance.m */,
				4C5CF4A11BE10F090019AA81 /* KPKTestPlaceholder.m */,
				4C5CF4A21BE10F090019AA81 /* KPKTestReference.m */,
				4C5CF4A31BE10F090019AA81 /* KPKTestUndo.m */,
				4C5CF4A41BE10F090019AA81 /* KPKTestUUIDAdditions.m */,
				4C5CF4A51BE10F090019AA81 /* KPKTestXmlLoading.m */,
				4C5CF4A61BE10F090019AA81 /* KPKTestXmlParsing.m */,
				4C5CF4A71BE10F090019AA81 /* KPKTestXmlWriting.m */,
				4C5CF4A81BE10F090019AA81 /* KPKTextXMLUtilities.m */,
				4C5CF3291BE10B650019AA81 /* Info.plist */,
			);
			path = KeePassKitTests;
			sourceTree = "<group>";
		};
		4C5CF3A51BE10DF80019AA81 /* Categories */ = {
			isa = PBXGroup;
			children = (
				4C5CF3A71BE10DF80019AA81 /* NSColor+KeePassKit.h */,
				4C5CF3A81BE10DF80019AA81 /* NSColor+KeePassKit.m */,
				4C5CF3A91BE10DF80019AA81 /* NSData+CommonCrypto.h */,
				4C5CF3AA1BE10DF80019AA81 /* NSData+CommonCrypto.m */,
				4C5CF3AB1BE10DF80019AA81 /* NSData+Gzip.h */,
				4C5CF3AC1BE10DF80019AA81 /* NSData+Gzip.m */,
				4C5CF3AD1BE10DF80019AA81 /* NSData+HashedData.h */,
				4C5CF3AE1BE10DF80019AA81 /* NSData+HashedData.m */,
				4C5CF3AF1BE10DF80019AA81 /* NSData+Keyfile.h */,
				4C5CF3B01BE10DF80019AA81 /* NSData+Keyfile.m */,
				4C5CF3B11BE10DF80019AA81 /* NSData+Random.h */,
				4C5CF3B21BE10DF80019AA81 /* NSData+Random.m */,
				4C5CF3B31BE10DF80019AA81 /* NSDate+Packed.h */,
				4C5CF3B41BE10DF80019AA81 /* NSDate+Packed.m */,
				4C5CF3B51BE10DF80019AA81 /* NSMutableData+Base64.h */,
				4C5CF3B61BE10DF80019AA81 /* NSMutableData+Base64.m */,
				4C5CF3B71BE10DF80019AA81 /* NSMutableData+KeePassKit.h */,
				4C5CF3B81BE10DF80019AA81 /* NSMutableData+KeePassKit.m */,
				4C5CF3B91BE10DF80019AA81 /* NSString+Commands.h */,
				4C5CF3BA1BE10DF80019AA81 /* NSString+Commands.m */,
				4C5CF3BB1BE10DF80019AA81 /* NSString+Empty.h */,
				4C5CF3BC1BE10DF80019AA81 /* NSString+Empty.m */,
				4C5CF3BD1BE10DF80019AA81 /* NSString+Hexdata.h */,
				4C5CF3BE1BE10DF80019AA81 /* NSString+Hexdata.m */,
				4C5CF3BF1BE10DF80019AA81 /* NSString+XMLUtilities.h */,
				4C5CF3C01BE10DF80019AA81 /* NSString+XMLUtilities.m */,
				4C5CF3C11BE10DF80019AA81 /* NSUUID+KeePassKit.h */,
				4C5CF3C21BE10DF80019AA81 /* NSUUID+KeePassKit.m */,
			);
			path = Categories;
			sourceTree = "<group>";
		};
		4C5CF3E01BE10E000019AA81 /* Core */ = {
			isa = PBXGroup;
			children = (
				4C5CF3E11BE10E000019AA81 /* KPKAttribute.h */,
				4C5CF3E21BE10E000019AA81 /* KPKAttribute.m */,
				4C5CF3E31BE10E000019AA81 /* KPKAutotype+Private.h */,
				4C5CF3E41BE10E000019AA81 /* KPKAutotype.h */,
				4C5CF3E51BE10E000019AA81 /* KPKAutotype.m */,
				4C5CF3E61BE10E000019AA81 /* KPKBinary.h */,
				4C5CF3E71BE10E000019AA81 /* KPKBinary.m */,
				4C5CF3E81BE10E000019AA81 /* KPKCompositeKey.h */,
				4C5CF3E91BE10E000019AA81 /* KPKCompositeKey.m */,
				4C5CF3EA1BE10E000019AA81 /* KPKDeletedNode.h */,
				4C5CF3EB1BE10E000019AA81 /* KPKDeletedNode.m */,
				4C5CF3EC1BE10E000019AA81 /* KPKEntry+Private.h */,
				4C5CF3ED1BE10E000019AA81 /* KPKEntry.h */,
				4C5CF3EE1BE10E000019AA81 /* KPKEntry.m */,
				4C5CF3EF1BE10E000019AA81 /* KPKErrors.h */,
				4C5CF3F01BE10E000019AA81 /* KPKErrors.m */,
				4C5CF3F11BE10E000019AA81 /* KPKGroup.h */,
				4C5CF3F21BE10E000019AA81 /* KPKGroup.m */,
				4C5CF3F31BE10E000019AA81 /* KPKIcon.h */,
				4C5CF3F41BE10E000019AA81 /* KPKIcon.m */,
				4C5CF3F51BE10E000019AA81 /* KPKMetaData.h */,
				4C5CF3F61BE10E000019AA81 /* KPKMetaData.m */,
				4C5CF3F71BE10E000019AA81 /* KPKNode+Private.h */,
				4C5CF3F81BE10E000019AA81 /* KPKNode.h */,
				4C5CF3F91BE10E000019AA81 /* KPKNode.m */,
				4C5CF3FA1BE10E000019AA81 /* KPKTag.h */,
				4C5CF3FB1BE10E000019AA81 /* KPKTag.m */,
				4C5CF3FC1BE10E000019AA81 /* KPKTimeInfo.h */,
				4C5CF3FD1BE10E000019AA81 /* KPKTimeInfo.m */,
				4C5CF3FE1BE10E000019AA81 /* KPKTree+Private.h */,
				4C5CF3FF1BE10E000019AA81 /* KPKTree.h */,
				4C5CF4001BE10E000019AA81 /* KPKTree.m */,
				4C5CF4011BE10E000019AA81 /* KPKWindowAssociation+Private.h */,
				4C5CF4021BE10E000019AA81 /* KPKWindowAssociation.h */,
				4C5CF4031BE10E000019AA81 /* KPKWindowAssociation.m */,
			);
			path = Core;
			sourceTree = "<group>";
		};
		4C5CF4271BE10E070019AA81 /* Format */ = {
			isa = PBXGroup;
			children = (
				4C5CF4281BE10E070019AA81 /* KPKFormat.h */,
				4C5CF4291BE10E070019AA81 /* KPKFormat.m */,
				4C5CF42A1BE10E070019AA81 /* KPKLegacyFormat.h */,
				4C5CF42B1BE10E070019AA81 /* KPKVersion.h */,
				4C5CF42C1BE10E070019AA81 /* KPKXmlFormat.h */,
			);
			path = Format;
			sourceTree = "<group>";
		};
		4C5CF4321BE10E100019AA81 /* IO */ = {
			isa = PBXGroup;
			children = (
				4C5CF4341BE10E100019AA81 /* KPKArc4RandomStream.h */,
				4C5CF4351BE10E100019AA81 /* KPKArc4RandomStream.m */,
				4C5CF4361BE10E100019AA81 /* KPKDataStreamReader.h */,
				4C5CF4371BE10E100019AA81 /* KPKDataStreamReader.m */,
				4C5CF4381BE10E100019AA81 /* KPKDataStreamWriter.h */,
				4C5CF4391BE10E100019AA81 /* KPKDataStreamWriter.m */,
				4C5CF43A1BE10E100019AA81 /* KPKLegacyHeaderReader.h */,
				4C5CF43B1BE10E100019AA81 /* KPKLegacyHeaderReader.m */,
				4C5CF43C1BE10E100019AA81 /* KPKLegacyHeaderWriter.h */,
				4C5CF43D1BE10E100019AA81 /* KPKLegacyHeaderWriter.m */,
				4C5CF43E1BE10E100019AA81 /* KPKLegacyTreeCryptor.h */,
				4C5CF43F1BE10E100019AA81 /* KPKLegacyTreeCryptor.m */,
				4C5CF4401BE10E100019AA81 /* KPKLegacyTreeReader.h */,
				4C5CF4411BE10E100019AA81 /* KPKLegacyTreeReader.m */,
				4C5CF4421BE10E100019AA81 /* KPKLegacyTreeWriter.h */,
				4C5CF4431BE10E100019AA81 /* KPKLegacyTreeWriter.m */,
				4C5CF4441BE10E100019AA81 /* KPKRandomStream.h */,
				4C5CF4451BE10E100019AA81 /* KPKRandomStream.m */,
				4C5CF4461BE10E100019AA81 /* KPKSalsa20RandomStream.h */,
				4C5CF4471BE10E100019AA81 /* KPKSalsa20RandomStream.m */,
				4C5CF4481BE10E100019AA81 /* KPKTree+Serializing.h */,
				4C5CF4491BE10E100019AA81 /* KPKTree+Serializing.m */,
				4C5CF44A1BE10E100019AA81 /* KPKXmlHeaderReader.h */,
				4C5CF44B1BE10E100019AA81 /* KPKXmlHeaderReader.m */,
				4C5CF44C1BE10E100019AA81 /* KPKXmlHeaderWriter.h */,
				4C5CF44D1BE10E100019AA81 /* KPKXmlHeaderWriter.m */,
				4C5CF44E1BE10E100019AA81 /* KPKXmlTreeCryptor.h */,
				4C5CF44F1BE10E100019AA81 /* KPKXmlTreeCryptor.m */,
				4C5CF4501BE10E100019AA81 /* KPKXmlTreeReader.h */,
				4C5CF4511BE10E100019AA81 /* KPKXmlTreeReader.m */,
				4C5CF4521BE10E100019AA81 /* KPKXmlTreeWriter.h */,
				4C5CF4531BE10E100019AA81 /* KPKXmlTreeWriter.m */,
			);
			path = IO;
			sourceTree = "<group>";
		};
		4C5CF4771BE10E200019AA81 /* Protocols */ = {
			isa = PBXGroup;
			children = (
				4C5CF4781BE10E200019AA81 /* KPKHeaderReading.h */,
				4C5CF4791BE10E200019AA81 /* KPKHeaderWriting.h */,
				4C5CF47A1BE10E200019AA81 /* KPKModificationRecording.h */,
				4C5CF47B1BE10E200019AA81 /* KPKTreeCrypting.h */,
				4C5CF47C1BE10E200019AA81 /* KPKTreeReading.h */,
				4C5CF47D1BE10E200019AA81 /* KPKTreeWriting.h */,
			);
			path = Protocols;
			sourceTree = "<group>";
		};
		4C5CF4841BE10E250019AA81 /* Utilites */ = {
			isa = PBXGroup;
			children = (
				4C5CF4851BE10E250019AA81 /* KPKIconTypes.h */,
				4C5CF4861BE10E250019AA81 /* KPKLegacyHeaderUtility.h */,
				4C5CF4871BE10E250019AA81 /* KPKLegacyHeaderUtility.m */,
				4C5CF4881BE10E250019AA81 /* KPKTypes.h */,
				4C5CF4891BE10E250019AA81 /* KPKUTIs.h */,
				4C5CF48A1BE10E250019AA81 /* KPKUTIs.m */,
				4C5CF48B1BE10E250019AA81 /* KPKXmlUtilities.h */,
				4C5CF48C1BE10E250019AA81 /* KPKXmlUtilities.m */,
			);
			path = Utilites;
			sourceTree = "<group>";
		};
		4C81381A1BE282DC001BF195 /* Databases */ = {
			isa = PBXGroup;
			children = (
				4C81381B1BE282DC001BF195 /* Autotype_test.kdbx */,
				4C81381C1BE282DC001BF195 /* CustomIcon_Password_1234.kdbx */,
				4C81381D1BE282DC001BF195 /* CustomIcon_Password_1234.xml */,
				4C81381E1BE282DC001BF195 /* KDB1_KeePassX_test.kdb */,
				4C81381F1BE282DC001BF195 /* KeePass1_native_test.kdb */,
				4C8138201BE282DC001BF195 /* Test_Password_1234.kdb */,
				4C8138211BE282DC001BF195 /* Test_Password_1234.kdbx */,
			);
			path = Databases;
			sourceTree = "<group>";
		};
		4C8138221BE282DC001BF195 /* Images */ = {
			isa = PBXGroup;
			children = (
				4C8138231BE282DC001BF195 /* image.png */,
			);
			path = Images;
			sourceTree = "<group>";
		};
		4C8138241BE282DC001BF195 /* Keyfiles */ = {
			isa = PBXGroup;
			children = (
				4C8138251BE282DC001BF195 /* Keepass2Key.xml */,
			);
			path = Keyfiles;
			sourceTree = "<group>";
		};
/* End PBXGroup section */

/* Begin PBXHeadersBuildPhase section */
		4C5CF3151BE10B650019AA81 /* Headers */ = {
			isa = PBXHeadersBuildPhase;
			buildActionMask = 2147483647;
			files = (
				4C5CF31C1BE10B650019AA81 /* KeePassKit.h in Headers */,
				4C5CF4041BE10E000019AA81 /* KPKAttribute.h in Headers */,
				4C5CF4091BE10E000019AA81 /* KPKBinary.h in Headers */,
				4C5CF4161BE10E000019AA81 /* KPKIcon.h in Headers */,
				4C5CF4901BE10E250019AA81 /* KPKTypes.h in Headers */,
				4C5CF4911BE10E250019AA81 /* KPKUTIs.h in Headers */,
				4C5CF48D1BE10E250019AA81 /* KPKIconTypes.h in Headers */,
				4C5CF4731BE10E100019AA81 /* KPKXmlTreeWriter.h in Headers */,
				4C5CF40B1BE10E000019AA81 /* KPKCompositeKey.h in Headers */,
				4C5CF4301BE10E070019AA81 /* KPKVersion.h in Headers */,
				4C5CF4691BE10E100019AA81 /* KPKTree+Serializing.h in Headers */,
				4C5CF41B1BE10E000019AA81 /* KPKNode.h in Headers */,
				4C5CF4221BE10E000019AA81 /* KPKTree.h in Headers */,
				4C5CF4101BE10E000019AA81 /* KPKEntry.h in Headers */,
				4C5CF4141BE10E000019AA81 /* KPKGroup.h in Headers */,
				4C5CF4181BE10E000019AA81 /* KPKMetaData.h in Headers */,
				4C5CF41F1BE10E000019AA81 /* KPKTimeInfo.h in Headers */,
				4C5CF40D1BE10E000019AA81 /* KPKDeletedNode.h in Headers */,
				4C5CF4071BE10E000019AA81 /* KPKAutotype.h in Headers */,
				4C5CF4251BE10E000019AA81 /* KPKWindowAssociation.h in Headers */,
				4C5CF4121BE10E000019AA81 /* KPKErrors.h in Headers */,
				4C5CF3CA1BE10DF80019AA81 /* NSData+HashedData.h in Headers */,
				4C5CF3C41BE10DF80019AA81 /* NSColor+KeePassKit.h in Headers */,
				4C5CF3CE1BE10DF80019AA81 /* NSData+Random.h in Headers */,
				4C5CF3DC1BE10DF80019AA81 /* NSString+XMLUtilities.h in Headers */,
				4C5CF3D61BE10DF80019AA81 /* NSString+Commands.h in Headers */,
				4C5CF3CC1BE10DF80019AA81 /* NSData+Keyfile.h in Headers */,
				4C5CF3DE1BE10DF80019AA81 /* NSUUID+KeePassKit.h in Headers */,
				4C5CF3D81BE10DF80019AA81 /* NSString+Empty.h in Headers */,
				4C5CF4801BE10E200019AA81 /* KPKModificationRecording.h in Headers */,
				4C5CF4311BE10E070019AA81 /* KPKXmlFormat.h in Headers */,
				4C4FF1BC1BE119E60015827B /* DDXML.h in Headers */,
				4C4FF1BD1BE119E60015827B /* DDXMLDocument.h in Headers */,
				4C4FF1BF1BE119E60015827B /* DDXMLElement.h in Headers */,
				4C4FF1C11BE119E60015827B /* DDXMLNode.h in Headers */,
				4C5CF42D1BE10E070019AA81 /* KPKFormat.h in Headers */,
				4C4FF1C31BE119E60015827B /* DDXMLPrivate.h in Headers */,
				4C5CF4761BE10E170019AA81 /* KeePassKit+Private.h in Headers */,
				4C5CF45F1BE10E100019AA81 /* KPKLegacyTreeCryptor.h in Headers */,
				4C5CF46B1BE10E100019AA81 /* KPKXmlHeaderReader.h in Headers */,
				4C5CF4211BE10E000019AA81 /* KPKTree+Private.h in Headers */,
				4C5CF4551BE10E100019AA81 /* KPKArc4RandomStream.h in Headers */,
				4C5CF47F1BE10E200019AA81 /* KPKHeaderWriting.h in Headers */,
				4C5CF47E1BE10E200019AA81 /* KPKHeaderReading.h in Headers */,
				4C5CF3D21BE10DF80019AA81 /* NSMutableData+Base64.h in Headers */,
				4C5CF3DA1BE10DF80019AA81 /* NSString+Hexdata.h in Headers */,
				4C5CF3C61BE10DF80019AA81 /* NSData+CommonCrypto.h in Headers */,
				4C5CF46F1BE10E100019AA81 /* KPKXmlTreeCryptor.h in Headers */,
				4C5CF4061BE10E000019AA81 /* KPKAutotype+Private.h in Headers */,
				4C5CF4711BE10E100019AA81 /* KPKXmlTreeReader.h in Headers */,
				4C4FF1B81BE119E60015827B /* DDXMLElementAdditions.h in Headers */,
				4C5CF3C81BE10DF80019AA81 /* NSData+Gzip.h in Headers */,
				4C5CF4591BE10E100019AA81 /* KPKDataStreamWriter.h in Headers */,
				4C5CF4811BE10E200019AA81 /* KPKTreeCrypting.h in Headers */,
				4C5CF45B1BE10E100019AA81 /* KPKLegacyHeaderReader.h in Headers */,
				4C5CF46D1BE10E100019AA81 /* KPKXmlHeaderWriter.h in Headers */,
				4C5CF4631BE10E100019AA81 /* KPKLegacyTreeWriter.h in Headers */,
				4C5CF48E1BE10E250019AA81 /* KPKLegacyHeaderUtility.h in Headers */,
				4C5CF4571BE10E100019AA81 /* KPKDataStreamReader.h in Headers */,
				4C5CF42F1BE10E070019AA81 /* KPKLegacyFormat.h in Headers */,
				4C5CF4831BE10E200019AA81 /* KPKTreeWriting.h in Headers */,
				4C5CF41D1BE10E000019AA81 /* KPKTag.h in Headers */,
				4C5CF40F1BE10E000019AA81 /* KPKEntry+Private.h in Headers */,
				4C5CF3D41BE10DF80019AA81 /* NSMutableData+KeePassKit.h in Headers */,
				4C5CF41A1BE10E000019AA81 /* KPKNode+Private.h in Headers */,
				4C5CF4651BE10E100019AA81 /* KPKRandomStream.h in Headers */,
				4C5CF4931BE10E250019AA81 /* KPKXmlUtilities.h in Headers */,
				4C5CF4241BE10E000019AA81 /* KPKWindowAssociation+Private.h in Headers */,
				4C5CF4671BE10E100019AA81 /* KPKSalsa20RandomStream.h in Headers */,
				4C4FF1BA1BE119E60015827B /* NSString+DDXML.h in Headers */,
				4C5CF4821BE10E200019AA81 /* KPKTreeReading.h in Headers */,
				4C5CF4611BE10E100019AA81 /* KPKLegacyTreeReader.h in Headers */,
				4C5CF45D1BE10E100019AA81 /* KPKLegacyHeaderWriter.h in Headers */,
				4C5CF3D01BE10DF80019AA81 /* NSDate+Packed.h in Headers */,
			);
			runOnlyForDeploymentPostprocessing = 0;
		};
/* End PBXHeadersBuildPhase section */

/* Begin PBXNativeTarget section */
		4C5CF3171BE10B650019AA81 /* KeePassKit */ = {
			isa = PBXNativeTarget;
			buildConfigurationList = 4C5CF32C1BE10B650019AA81 /* Build configuration list for PBXNativeTarget "KeePassKit" */;
			buildPhases = (
				4C5CF3131BE10B650019AA81 /* Sources */,
				4C5CF3141BE10B650019AA81 /* Frameworks */,
				4C5CF3151BE10B650019AA81 /* Headers */,
				4C7B635B1C0CAEDE00D7038C /* Versioning */,
				4C5CF3161BE10B650019AA81 /* Resources */,
			);
			buildRules = (
			);
			dependencies = (
			);
			name = KeePassKit;
			productName = KeePassKit;
			productReference = 4C5CF3181BE10B650019AA81 /* KeePassKit.framework */;
			productType = "com.apple.product-type.framework";
		};
		4C5CF3211BE10B650019AA81 /* KeePassKitTests */ = {
			isa = PBXNativeTarget;
			buildConfigurationList = 4C5CF32F1BE10B650019AA81 /* Build configuration list for PBXNativeTarget "KeePassKitTests" */;
			buildPhases = (
				4C5CF31E1BE10B650019AA81 /* Sources */,
				4C5CF31F1BE10B650019AA81 /* Frameworks */,
				4C5CF3201BE10B650019AA81 /* Resources */,
			);
			buildRules = (
			);
			dependencies = (
				4C5CF3251BE10B650019AA81 /* PBXTargetDependency */,
			);
			name = KeePassKitTests;
			productName = KeePassKitTests;
			productReference = 4C5CF3221BE10B650019AA81 /* KeePassKitTests.xctest */;
			productType = "com.apple.product-type.bundle.unit-test";
		};
/* End PBXNativeTarget section */

/* Begin PBXProject section */
		4C5CF30F1BE10B650019AA81 /* Project object */ = {
			isa = PBXProject;
			attributes = {
				CLASSPREFIX = KPK;
				LastUpgradeCheck = 0710;
				ORGANIZATIONNAME = "HicknHack Software GmbH";
				TargetAttributes = {
					4C5CF3171BE10B650019AA81 = {
						CreatedOnToolsVersion = 7.1;
					};
					4C5CF3211BE10B650019AA81 = {
						CreatedOnToolsVersion = 7.1;
					};
				};
			};
			buildConfigurationList = 4C5CF3121BE10B650019AA81 /* Build configuration list for PBXProject "KeePassKit" */;
			compatibilityVersion = "Xcode 3.2";
			developmentRegion = English;
			hasScannedForEncodings = 0;
			knownRegions = (
				en,
			);
			mainGroup = 4C5CF30E1BE10B650019AA81;
			productRefGroup = 4C5CF3191BE10B650019AA81 /* Products */;
			projectDirPath = "";
			projectRoot = "";
			targets = (
				4C5CF3171BE10B650019AA81 /* KeePassKit */,
				4C5CF3211BE10B650019AA81 /* KeePassKitTests */,
			);
		};
/* End PBXProject section */

/* Begin PBXResourcesBuildPhase section */
		4C5CF3161BE10B650019AA81 /* Resources */ = {
			isa = PBXResourcesBuildPhase;
			buildActionMask = 2147483647;
			files = (
			);
			runOnlyForDeploymentPostprocessing = 0;
		};
		4C5CF3201BE10B650019AA81 /* Resources */ = {
			isa = PBXResourcesBuildPhase;
			buildActionMask = 2147483647;
			files = (
				4C8138281BE282DC001BF195 /* CustomIcon_Password_1234.xml in Resources */,
				4C81382E1BE282DC001BF195 /* Keepass2Key.xml in Resources */,
				4C8138291BE282DC001BF195 /* KDB1_KeePassX_test.kdb in Resources */,
				4C81382B1BE282DC001BF195 /* Test_Password_1234.kdb in Resources */,
				4C81382C1BE282DC001BF195 /* Test_Password_1234.kdbx in Resources */,
				4C8138261BE282DC001BF195 /* Autotype_test.kdbx in Resources */,
				4C81382A1BE282DC001BF195 /* KeePass1_native_test.kdb in Resources */,
				4C8138271BE282DC001BF195 /* CustomIcon_Password_1234.kdbx in Resources */,
				4C81382D1BE282DC001BF195 /* image.png in Resources */,
			);
			runOnlyForDeploymentPostprocessing = 0;
		};
/* End PBXResourcesBuildPhase section */

/* Begin PBXShellScriptBuildPhase section */
		4C7B635B1C0CAEDE00D7038C /* Versioning */ = {
			isa = PBXShellScriptBuildPhase;
			buildActionMask = 2147483647;
			files = (
			);
			inputPaths = (
			);
			name = Versioning;
			outputPaths = (
			);
			runOnlyForDeploymentPostprocessing = 0;
			shellPath = /bin/sh;
			shellScript = "git=`sh /etc/profile; which git`\nbranch_name=`$git symbolic-ref HEAD | sed -e 's,.*/\\\\(.*\\\\),\\\\1,'`\ngit_count=`$git rev-list $branch_name |wc -l | sed 's/^ *//;s/ *$//'`\nsimple_branch_name=`$git rev-parse --abbrev-ref HEAD`\n\nbuild_number=\"${git_count}0\"\nif [ $CONFIGURATION != \"Release\" ]; then\nbuild_number+=\"-$simple_branch_name\"\nfi\n\nplist=\"${TARGET_BUILD_DIR}/${INFOPLIST_PATH}\"\ndsym_plist=\"${DWARF_DSYM_FOLDER_PATH}/${DWARF_DSYM_FILE_NAME}/Contents/Info.plist\"\n\n/usr/libexec/PlistBuddy -c \"Set :CFBundleVersion $build_number\" \"$plist\"\nif [ -f \"$DSYM_INFO_PLIST\" ] ; then\n/usr/libexec/PlistBuddy -c \"Set :CFBundleVersion $build_number\" \"$dsym_plist\"\nfi";
			showEnvVarsInLog = 0;
		};
/* End PBXShellScriptBuildPhase section */

/* Begin PBXSourcesBuildPhase section */
		4C5CF3131BE10B650019AA81 /* Sources */ = {
			isa = PBXSourcesBuildPhase;
			buildActionMask = 2147483647;
			files = (
				4C5CF48F1BE10E250019AA81 /* KPKLegacyHeaderUtility.m in Sources */,
				4C5CF4561BE10E100019AA81 /* KPKArc4RandomStream.m in Sources */,
				4C5CF4621BE10E100019AA81 /* KPKLegacyTreeReader.m in Sources */,
				4C5CF46C1BE10E100019AA81 /* KPKXmlHeaderReader.m in Sources */,
				4C5CF3DD1BE10DF80019AA81 /* NSString+XMLUtilities.m in Sources */,
				4C5CF40E1BE10E000019AA81 /* KPKDeletedNode.m in Sources */,
				4C5CF4681BE10E100019AA81 /* KPKSalsa20RandomStream.m in Sources */,
				4C5CF46A1BE10E100019AA81 /* KPKTree+Serializing.m in Sources */,
				4C5CF3CD1BE10DF80019AA81 /* NSData+Keyfile.m in Sources */,
				4C5CF3C71BE10DF80019AA81 /* NSData+CommonCrypto.m in Sources */,
				4C5CF4661BE10E100019AA81 /* KPKRandomStream.m in Sources */,
				4C5CF41C1BE10E000019AA81 /* KPKNode.m in Sources */,
				4C5CF4261BE10E000019AA81 /* KPKWindowAssociation.m in Sources */,
				4C5CF4601BE10E100019AA81 /* KPKLegacyTreeCryptor.m in Sources */,
				4C4FF1BE1BE119E60015827B /* DDXMLDocument.m in Sources */,
				4C4FF1B91BE119E60015827B /* DDXMLElementAdditions.m in Sources */,
				4C5CF45A1BE10E100019AA81 /* KPKDataStreamWriter.m in Sources */,
				4C5CF4921BE10E250019AA81 /* KPKUTIs.m in Sources */,
				4C5CF3C91BE10DF80019AA81 /* NSData+Gzip.m in Sources */,
				4C5CF4231BE10E000019AA81 /* KPKTree.m in Sources */,
				4C5CF4171BE10E000019AA81 /* KPKIcon.m in Sources */,
				4C5CF4111BE10E000019AA81 /* KPKEntry.m in Sources */,
				4C4FF1C01BE119E60015827B /* DDXMLElement.m in Sources */,
				4C5CF45E1BE10E100019AA81 /* KPKLegacyHeaderWriter.m in Sources */,
				4C5CF4131BE10E000019AA81 /* KPKErrors.m in Sources */,
				4C5CF3CF1BE10DF80019AA81 /* NSData+Random.m in Sources */,
				4C5CF3DF1BE10DF80019AA81 /* NSUUID+KeePassKit.m in Sources */,
				4C4FF1C21BE119E60015827B /* DDXMLNode.m in Sources */,
				4C5CF3D51BE10DF80019AA81 /* NSMutableData+KeePassKit.m in Sources */,
				4C5CF4721BE10E100019AA81 /* KPKXmlTreeReader.m in Sources */,
				4C5CF4581BE10E100019AA81 /* KPKDataStreamReader.m in Sources */,
				4C5CF3D11BE10DF80019AA81 /* NSDate+Packed.m in Sources */,
				4C5CF42E1BE10E070019AA81 /* KPKFormat.m in Sources */,
				4C5CF3C51BE10DF80019AA81 /* NSColor+KeePassKit.m in Sources */,
				4C5CF4081BE10E000019AA81 /* KPKAutotype.m in Sources */,
				4C5CF3D71BE10DF80019AA81 /* NSString+Commands.m in Sources */,
				4C5CF4191BE10E000019AA81 /* KPKMetaData.m in Sources */,
				4C5CF45C1BE10E100019AA81 /* KPKLegacyHeaderReader.m in Sources */,
				4C5CF41E1BE10E000019AA81 /* KPKTag.m in Sources */,
				4C5CF4701BE10E100019AA81 /* KPKXmlTreeCryptor.m in Sources */,
				4C5CF3D31BE10DF80019AA81 /* NSMutableData+Base64.m in Sources */,
				4C5CF3CB1BE10DF80019AA81 /* NSData+HashedData.m in Sources */,
				4C4FF1BB1BE119E60015827B /* NSString+DDXML.m in Sources */,
				4C5CF3D91BE10DF80019AA81 /* NSString+Empty.m in Sources */,
				4C5CF4201BE10E000019AA81 /* KPKTimeInfo.m in Sources */,
				4C5CF40C1BE10E000019AA81 /* KPKCompositeKey.m in Sources */,
				4C5CF4151BE10E000019AA81 /* KPKGroup.m in Sources */,
				4C5CF4641BE10E100019AA81 /* KPKLegacyTreeWriter.m in Sources */,
				4C5CF4051BE10E000019AA81 /* KPKAttribute.m in Sources */,
				4C5CF46E1BE10E100019AA81 /* KPKXmlHeaderWriter.m in Sources */,
				4C5CF3DB1BE10DF80019AA81 /* NSString+Hexdata.m in Sources */,
				4C5CF40A1BE10E000019AA81 /* KPKBinary.m in Sources */,
				4C5CF4941BE10E250019AA81 /* KPKXmlUtilities.m in Sources */,
				4C5CF4741BE10E100019AA81 /* KPKXmlTreeWriter.m in Sources */,
			);
			runOnlyForDeploymentPostprocessing = 0;
		};
		4C5CF31E1BE10B650019AA81 /* Sources */ = {
			isa = PBXSourcesBuildPhase;
			buildActionMask = 2147483647;
			files = (
				4C5CF4B61BE10F090019AA81 /* KPKTestReference.m in Sources */,
				4C5CF4B91BE10F090019AA81 /* KPKTestXmlLoading.m in Sources */,
				4C5CF4B31BE10F090019AA81 /* KPKTestNSCopying.m in Sources */,
				4C5CF4B01BE10F090019AA81 /* KPKTestLegacyWriting.m in Sources */,
				4C5CF4AA1BE10F090019AA81 /* KPKIconLoading.m in Sources */,
				4C5CF4AE1BE10F090019AA81 /* KPKTestKeyfileParsing.m in Sources */,
				4C5CF4B71BE10F090019AA81 /* KPKTestUndo.m in Sources */,
				4C5CF4BA1BE10F090019AA81 /* KPKTestXmlParsing.m in Sources */,
				4C5CF4BB1BE10F090019AA81 /* KPKTestXmlWriting.m in Sources */,
				4C5CF4AF1BE10F090019AA81 /* KPKTestLegacyLoading.m in Sources */,
				4C5CF4B51BE10F090019AA81 /* KPKTestPlaceholder.m in Sources */,
				4C5CF4AC1BE10F090019AA81 /* KPKTestEntryLookup.m in Sources */,
				4C5CF4B21BE10F090019AA81 /* KPKTestNSCoding.m in Sources */,
				4C5CF4B41BE10F090019AA81 /* KPKTestPerformance.m in Sources */,
				4C5CF4B11BE10F090019AA81 /* KPKTestModificationDates.m in Sources */,
				4C5CF4AD1BE10F090019AA81 /* KPKTestHexColor.m in Sources */,
				4C5CF4BC1BE10F090019AA81 /* KPKTextXMLUtilities.m in Sources */,
				4C5CF4B81BE10F090019AA81 /* KPKTestUUIDAdditions.m in Sources */,
				4C5CF4A91BE10F090019AA81 /* KPKHashedDataTest.m in Sources */,
				4C5CF4AB1BE10F090019AA81 /* KPKTestAutotype.m in Sources */,
			);
			runOnlyForDeploymentPostprocessing = 0;
		};
/* End PBXSourcesBuildPhase section */

/* Begin PBXTargetDependency section */
		4C5CF3251BE10B650019AA81 /* PBXTargetDependency */ = {
			isa = PBXTargetDependency;
			target = 4C5CF3171BE10B650019AA81 /* KeePassKit */;
			targetProxy = 4C5CF3241BE10B650019AA81 /* PBXContainerItemProxy */;
		};
/* End PBXTargetDependency section */

/* Begin XCBuildConfiguration section */
		4C5CF32A1BE10B650019AA81 /* Debug */ = {
			isa = XCBuildConfiguration;
			buildSettings = {
				ALWAYS_SEARCH_USER_PATHS = NO;
				CLANG_CXX_LANGUAGE_STANDARD = "gnu++0x";
				CLANG_CXX_LIBRARY = "libc++";
				CLANG_ENABLE_MODULES = YES;
				CLANG_ENABLE_OBJC_ARC = YES;
				CLANG_WARN_BOOL_CONVERSION = YES;
				CLANG_WARN_CONSTANT_CONVERSION = YES;
				CLANG_WARN_DIRECT_OBJC_ISA_USAGE = YES_ERROR;
				CLANG_WARN_EMPTY_BODY = YES;
				CLANG_WARN_ENUM_CONVERSION = YES;
				CLANG_WARN_INT_CONVERSION = YES;
				CLANG_WARN_OBJC_ROOT_CLASS = YES_ERROR;
				CLANG_WARN_UNREACHABLE_CODE = YES;
				CLANG_WARN__DUPLICATE_METHOD_MATCH = YES;
				CODE_SIGN_IDENTITY = "-";
				COPY_PHASE_STRIP = NO;
				CURRENT_PROJECT_VERSION = 1;
				DEBUG_INFORMATION_FORMAT = dwarf;
				ENABLE_STRICT_OBJC_MSGSEND = YES;
				ENABLE_TESTABILITY = YES;
				GCC_C_LANGUAGE_STANDARD = gnu99;
				GCC_DYNAMIC_NO_PIC = NO;
				GCC_NO_COMMON_BLOCKS = YES;
				GCC_OPTIMIZATION_LEVEL = 0;
				GCC_PREPROCESSOR_DEFINITIONS = (
					"DEBUG=1",
					"$(inherited)",
				);
				GCC_WARN_64_TO_32_BIT_CONVERSION = YES;
				GCC_WARN_ABOUT_RETURN_TYPE = YES_ERROR;
				GCC_WARN_UNDECLARED_SELECTOR = YES;
				GCC_WARN_UNINITIALIZED_AUTOS = YES_AGGRESSIVE;
				GCC_WARN_UNUSED_FUNCTION = YES;
				GCC_WARN_UNUSED_VARIABLE = YES;
				HEADER_SEARCH_PATHS = "$(SDKROOT)/usr/include/libxml2";
				MACOSX_DEPLOYMENT_TARGET = 10.8;
				MTL_ENABLE_DEBUG_INFO = YES;
				ONLY_ACTIVE_ARCH = YES;
				OTHER_LDFLAGS = "-lxml2";
				SDKROOT = macosx;
				VERSIONING_SYSTEM = "apple-generic";
				VERSION_INFO_PREFIX = "";
			};
			name = Debug;
		};
		4C5CF32B1BE10B650019AA81 /* Release */ = {
			isa = XCBuildConfiguration;
			buildSettings = {
				ALWAYS_SEARCH_USER_PATHS = NO;
				CLANG_CXX_LANGUAGE_STANDARD = "gnu++0x";
				CLANG_CXX_LIBRARY = "libc++";
				CLANG_ENABLE_MODULES = YES;
				CLANG_ENABLE_OBJC_ARC = YES;
				CLANG_WARN_BOOL_CONVERSION = YES;
				CLANG_WARN_CONSTANT_CONVERSION = YES;
				CLANG_WARN_DIRECT_OBJC_ISA_USAGE = YES_ERROR;
				CLANG_WARN_EMPTY_BODY = YES;
				CLANG_WARN_ENUM_CONVERSION = YES;
				CLANG_WARN_INT_CONVERSION = YES;
				CLANG_WARN_OBJC_ROOT_CLASS = YES_ERROR;
				CLANG_WARN_UNREACHABLE_CODE = YES;
				CLANG_WARN__DUPLICATE_METHOD_MATCH = YES;
				CODE_SIGN_IDENTITY = "-";
				COPY_PHASE_STRIP = NO;
				CURRENT_PROJECT_VERSION = 1;
				DEBUG_INFORMATION_FORMAT = "dwarf-with-dsym";
				ENABLE_NS_ASSERTIONS = NO;
				ENABLE_STRICT_OBJC_MSGSEND = YES;
				GCC_C_LANGUAGE_STANDARD = gnu99;
				GCC_NO_COMMON_BLOCKS = YES;
				GCC_WARN_64_TO_32_BIT_CONVERSION = YES;
				GCC_WARN_ABOUT_RETURN_TYPE = YES_ERROR;
				GCC_WARN_UNDECLARED_SELECTOR = YES;
				GCC_WARN_UNINITIALIZED_AUTOS = YES_AGGRESSIVE;
				GCC_WARN_UNUSED_FUNCTION = YES;
				GCC_WARN_UNUSED_VARIABLE = YES;
				HEADER_SEARCH_PATHS = "$(SDKROOT)/usr/include/libxml2";
				MACOSX_DEPLOYMENT_TARGET = 10.8;
				MTL_ENABLE_DEBUG_INFO = NO;
				OTHER_LDFLAGS = "-lxml2";
				SDKROOT = macosx;
				VERSIONING_SYSTEM = "apple-generic";
				VERSION_INFO_PREFIX = "";
			};
			name = Release;
		};
		4C5CF32D1BE10B650019AA81 /* Debug */ = {
			isa = XCBuildConfiguration;
			buildSettings = {
				CODE_SIGN_IDENTITY = "";
				COMBINE_HIDPI_IMAGES = YES;
				DEFINES_MODULE = YES;
				DYLIB_COMPATIBILITY_VERSION = 1;
				DYLIB_CURRENT_VERSION = 1;
				DYLIB_INSTALL_NAME_BASE = "@rpath";
				FRAMEWORK_VERSION = A;
				INFOPLIST_FILE = KeePassKit/Info.plist;
				INSTALL_PATH = "$(LOCAL_LIBRARY_DIR)/Frameworks";
				LD_RUNPATH_SEARCH_PATHS = "$(inherited) @executable_path/../Frameworks @loader_path/Frameworks";
				PRODUCT_BUNDLE_IDENTIFIER = com.hicknhacksoftware.KeePassKit;
				PRODUCT_NAME = "$(TARGET_NAME)";
				SKIP_INSTALL = YES;
			};
			name = Debug;
		};
		4C5CF32E1BE10B650019AA81 /* Release */ = {
			isa = XCBuildConfiguration;
			buildSettings = {
				CODE_SIGN_IDENTITY = "";
				COMBINE_HIDPI_IMAGES = YES;
				DEFINES_MODULE = YES;
				DYLIB_COMPATIBILITY_VERSION = 1;
				DYLIB_CURRENT_VERSION = 1;
				DYLIB_INSTALL_NAME_BASE = "@rpath";
				FRAMEWORK_VERSION = A;
				INFOPLIST_FILE = KeePassKit/Info.plist;
				INSTALL_PATH = "$(LOCAL_LIBRARY_DIR)/Frameworks";
				LD_RUNPATH_SEARCH_PATHS = "$(inherited) @executable_path/../Frameworks @loader_path/Frameworks";
				PRODUCT_BUNDLE_IDENTIFIER = com.hicknhacksoftware.KeePassKit;
				PRODUCT_NAME = "$(TARGET_NAME)";
				SKIP_INSTALL = YES;
			};
			name = Release;
		};
		4C5CF3301BE10B650019AA81 /* Debug */ = {
			isa = XCBuildConfiguration;
			buildSettings = {
				COMBINE_HIDPI_IMAGES = YES;
				INFOPLIST_FILE = KeePassKitTests/Info.plist;
				LD_RUNPATH_SEARCH_PATHS = "$(inherited) @executable_path/../Frameworks @loader_path/../Frameworks";
				PRODUCT_BUNDLE_IDENTIFIER = com.hicknhacksoftware.KeePassKitTests;
				PRODUCT_NAME = "$(TARGET_NAME)";
			};
			name = Debug;
		};
		4C5CF3311BE10B650019AA81 /* Release */ = {
			isa = XCBuildConfiguration;
			buildSettings = {
				COMBINE_HIDPI_IMAGES = YES;
				INFOPLIST_FILE = KeePassKitTests/Info.plist;
				LD_RUNPATH_SEARCH_PATHS = "$(inherited) @executable_path/../Frameworks @loader_path/../Frameworks";
				PRODUCT_BUNDLE_IDENTIFIER = com.hicknhacksoftware.KeePassKitTests;
				PRODUCT_NAME = "$(TARGET_NAME)";
			};
			name = Release;
		};
/* End XCBuildConfiguration section */

/* Begin XCConfigurationList section */
		4C5CF3121BE10B650019AA81 /* Build configuration list for PBXProject "KeePassKit" */ = {
			isa = XCConfigurationList;
			buildConfigurations = (
				4C5CF32A1BE10B650019AA81 /* Debug */,
				4C5CF32B1BE10B650019AA81 /* Release */,
			);
			defaultConfigurationIsVisible = 0;
			defaultConfigurationName = Release;
		};
		4C5CF32C1BE10B650019AA81 /* Build configuration list for PBXNativeTarget "KeePassKit" */ = {
			isa = XCConfigurationList;
			buildConfigurations = (
				4C5CF32D1BE10B650019AA81 /* Debug */,
				4C5CF32E1BE10B650019AA81 /* Release */,
			);
			defaultConfigurationIsVisible = 0;
			defaultConfigurationName = Release;
		};
		4C5CF32F1BE10B650019AA81 /* Build configuration list for PBXNativeTarget "KeePassKitTests" */ = {
			isa = XCConfigurationList;
			buildConfigurations = (
				4C5CF3301BE10B650019AA81 /* Debug */,
				4C5CF3311BE10B650019AA81 /* Release */,
			);
			defaultConfigurationIsVisible = 0;
			defaultConfigurationName = Release;
		};
/* End XCConfigurationList section */
	};
	rootObject = 4C5CF30F1BE10B650019AA81 /* Project object */;
}
